<?xml version="1.0" encoding="utf-8"?>
<Project ToolsVersion="4.0" xmlns="http://schemas.microsoft.com/developer/msbuild/2003">
  <ItemGroup>
    <Filter Include="Source Files">
      <UniqueIdentifier>{4FC737F1-C7A5-4376-A066-2A32D752A2FF}</UniqueIdentifier>
      <Extensions>cpp;c;cc;cxx;def;odl;idl;hpj;bat;asm;asmx</Extensions>
    </Filter>
    <Filter Include="Header Files">
      <UniqueIdentifier>{93995380-89BD-4b04-88EB-625FBE52EBFB}</UniqueIdentifier>
      <Extensions>h;hpp;hxx;hm;inl;inc;xsd</Extensions>
    </Filter>
    <Filter Include="Resource Files">
      <UniqueIdentifier>{67DA6AB6-F800-4c08-8B7A-83BB121AAD01}</UniqueIdentifier>
      <Extensions>rc;ico;cur;bmp;dlg;rc2;rct;bin;rgs;gif;jpg;jpeg;jpe;resx;tiff;tif;png;wav;mfcribbon-ms</Extensions>
    </Filter>
    <Filter Include="Source Files\base">
      <UniqueIdentifier>{889aad48-c268-4723-87f6-bd4807189f3b}</UniqueIdentifier>
    </Filter>
    <Filter Include="Source Files\entity">
      <UniqueIdentifier>{2ca58c7e-fa67-449b-b364-2c19ff1a30cd}</UniqueIdentifier>
    </Filter>
    <Filter Include="Source Files\component">
      <UniqueIdentifier>{163fcdd1-c104-4d05-bdbe-a68e5cd144e0}</UniqueIdentifier>
    </Filter>
    <Filter Include="Source Files\windows">
      <UniqueIdentifier>{c980a7fb-73de-43b3-af33-4499ade9b731}</UniqueIdentifier>
    </Filter>
    <Filter Include="Source Files\linux">
      <UniqueIdentifier>{b63002fd-6e9e-4d62-8503-3e77cb48550c}</UniqueIdentifier>
    </Filter>
    <Filter Include="Source Files\shader">
      <UniqueIdentifier>{9825eaba-f5b9-45f4-96a3-1fabd1bf331e}</UniqueIdentifier>
    </Filter>
    <Filter Include="Source Files\component\gameplay">
      <UniqueIdentifier>{15782830-6c34-4cbf-bccc-60a64d2e9234}</UniqueIdentifier>
    </Filter>
    <Filter Include="Box2D">
      <UniqueIdentifier>{a46eb24d-d93d-4c39-911e-05d6e2743560}</UniqueIdentifier>
    </Filter>
    <Filter Include="Physfs">
      <UniqueIdentifier>{c45bbb97-a449-4740-84a8-194691eecbe3}</UniqueIdentifier>
    </Filter>
    <Filter Include="SOIL">
      <UniqueIdentifier>{93c87128-30ce-4817-b5a1-bb1080c3ef79}</UniqueIdentifier>
    </Filter>
    <Filter Include="Source Files\component\ui">
      <UniqueIdentifier>{2ba0ed36-ea65-4138-b714-abd4e64ab203}</UniqueIdentifier>
    </Filter>
    <Filter Include="FreeType">
      <UniqueIdentifier>{1c6bfc70-7cd0-4d6a-9999-4e0af5e52c82}</UniqueIdentifier>
    </Filter>
    <Filter Include="FreeType\module">
      <UniqueIdentifier>{1a6642a6-2f18-4c7c-801f-aa2139c5f27b}</UniqueIdentifier>
    </Filter>
    <Filter Include="FreeType\include">
      <UniqueIdentifier>{329656a2-7179-42f6-aef4-7d9ebe23d338}</UniqueIdentifier>
    </Filter>
    <Filter Include="Source Files\component\generated">
      <UniqueIdentifier>{e6298aa2-a40a-4cc7-8c84-431ec6a07f6f}</UniqueIdentifier>
    </Filter>
    <Filter Include="tinyxml">
      <UniqueIdentifier>{9a414c49-7690-4e93-94ab-39847c16232a}</UniqueIdentifier>
    </Filter>
  </ItemGroup>
  <ItemGroup>
    <ClCompile Include="source\main.cpp">
      <Filter>Source Files</Filter>
    </ClCompile>
    <ClCompile Include="source\base\entity.cpp">
      <Filter>Source Files\base</Filter>
    </ClCompile>
    <ClCompile Include="source\base\kernel.cpp">
      <Filter>Source Files\base</Filter>
    </ClCompile>
    <ClCompile Include="source\base\component.cpp">
      <Filter>Source Files\base</Filter>
    </ClCompile>
    <ClCompile Include="source\linux\linux_timeplatform.cpp">
      <Filter>Source Files\linux</Filter>
    </ClCompile>
    <ClCompile Include="source\windows\windows_timeplatform.cpp">
      <Filter>Source Files\windows</Filter>
    </ClCompile>
    <ClCompile Include="source\component\sdlmanager.cpp">
      <Filter>Source Files\component</Filter>
    </ClCompile>
    <ClCompile Include="source\component\sdlrender.cpp">
      <Filter>Source Files\component</Filter>
    </ClCompile>
    <ClCompile Include="source\component\transform.cpp">
      <Filter>Source Files\component</Filter>
    </ClCompile>
    <ClCompile Include="source\component\scenemanager.cpp">
      <Filter>Source Files\component</Filter>
    </ClCompile>
    <ClCompile Include="source\component\sdlinput.cpp">
      <Filter>Source Files\component</Filter>
    </ClCompile>
    <ClCompile Include="source\component\charactercontroller.cpp">
      <Filter>Source Files\component</Filter>
    </ClCompile>
    <ClCompile Include="source\base\layer.cpp">
      <Filter>Source Files\base</Filter>
    </ClCompile>
    <ClCompile Include="source\component\glrender.cpp">
      <Filter>Source Files\component</Filter>
    </ClCompile>
    <ClCompile Include="source\component\glmanager.cpp">
      <Filter>Source Files\component</Filter>
    </ClCompile>
    <ClCompile Include="source\component\squareshape.cpp">
      <Filter>Source Files\component</Filter>
    </ClCompile>
    <ClCompile Include="source\component\gameplay\spawner.cpp">
      <Filter>Source Files\component\gameplay</Filter>
    </ClCompile>
    <ClCompile Include="source\component\gameplay\baseweapon.cpp">
      <Filter>Source Files\component\gameplay</Filter>
    </ClCompile>
    <ClCompile Include="source\component\gameplay\bulletcontroller.cpp">
      <Filter>Source Files\component\gameplay</Filter>
    </ClCompile>
    <ClCompile Include="source\component\rigidbody.cpp">
      <Filter>Source Files\component</Filter>
    </ClCompile>
    <ClCompile Include="source\component\physicsmanager.cpp">
      <Filter>Source Files\component</Filter>
    </ClCompile>
    <ClCompile Include="source\Box2D\Dynamics\b2Body.cpp">
      <Filter>Box2D</Filter>
    </ClCompile>
    <ClCompile Include="source\Box2D\Dynamics\b2ContactManager.cpp">
      <Filter>Box2D</Filter>
    </ClCompile>
    <ClCompile Include="source\Box2D\Dynamics\b2Fixture.cpp">
      <Filter>Box2D</Filter>
    </ClCompile>
    <ClCompile Include="source\Box2D\Dynamics\b2Island.cpp">
      <Filter>Box2D</Filter>
    </ClCompile>
    <ClCompile Include="source\Box2D\Dynamics\b2World.cpp">
      <Filter>Box2D</Filter>
    </ClCompile>
    <ClCompile Include="source\Box2D\Dynamics\b2WorldCallbacks.cpp">
      <Filter>Box2D</Filter>
    </ClCompile>
    <ClCompile Include="source\Box2D\Dynamics\Contacts\b2ChainAndCircleContact.cpp">
      <Filter>Box2D</Filter>
    </ClCompile>
    <ClCompile Include="source\Box2D\Dynamics\Contacts\b2ChainAndPolygonContact.cpp">
      <Filter>Box2D</Filter>
    </ClCompile>
    <ClCompile Include="source\Box2D\Dynamics\Contacts\b2CircleContact.cpp">
      <Filter>Box2D</Filter>
    </ClCompile>
    <ClCompile Include="source\Box2D\Dynamics\Contacts\b2Contact.cpp">
      <Filter>Box2D</Filter>
    </ClCompile>
    <ClCompile Include="source\Box2D\Dynamics\Contacts\b2ContactSolver.cpp">
      <Filter>Box2D</Filter>
    </ClCompile>
    <ClCompile Include="source\Box2D\Dynamics\Contacts\b2EdgeAndCircleContact.cpp">
      <Filter>Box2D</Filter>
    </ClCompile>
    <ClCompile Include="source\Box2D\Dynamics\Contacts\b2EdgeAndPolygonContact.cpp">
      <Filter>Box2D</Filter>
    </ClCompile>
    <ClCompile Include="source\Box2D\Dynamics\Contacts\b2PolygonAndCircleContact.cpp">
      <Filter>Box2D</Filter>
    </ClCompile>
    <ClCompile Include="source\Box2D\Dynamics\Contacts\b2PolygonContact.cpp">
      <Filter>Box2D</Filter>
    </ClCompile>
    <ClCompile Include="source\Box2D\Dynamics\Joints\b2DistanceJoint.cpp">
      <Filter>Box2D</Filter>
    </ClCompile>
    <ClCompile Include="source\Box2D\Dynamics\Joints\b2FrictionJoint.cpp">
      <Filter>Box2D</Filter>
    </ClCompile>
    <ClCompile Include="source\Box2D\Dynamics\Joints\b2GearJoint.cpp">
      <Filter>Box2D</Filter>
    </ClCompile>
    <ClCompile Include="source\Box2D\Dynamics\Joints\b2Joint.cpp">
      <Filter>Box2D</Filter>
    </ClCompile>
    <ClCompile Include="source\Box2D\Dynamics\Joints\b2MouseJoint.cpp">
      <Filter>Box2D</Filter>
    </ClCompile>
    <ClCompile Include="source\Box2D\Dynamics\Joints\b2PrismaticJoint.cpp">
      <Filter>Box2D</Filter>
    </ClCompile>
    <ClCompile Include="source\Box2D\Dynamics\Joints\b2PulleyJoint.cpp">
      <Filter>Box2D</Filter>
    </ClCompile>
    <ClCompile Include="source\Box2D\Dynamics\Joints\b2RevoluteJoint.cpp">
      <Filter>Box2D</Filter>
    </ClCompile>
    <ClCompile Include="source\Box2D\Dynamics\Joints\b2RopeJoint.cpp">
      <Filter>Box2D</Filter>
    </ClCompile>
    <ClCompile Include="source\Box2D\Dynamics\Joints\b2WeldJoint.cpp">
      <Filter>Box2D</Filter>
    </ClCompile>
    <ClCompile Include="source\Box2D\Dynamics\Joints\b2WheelJoint.cpp">
      <Filter>Box2D</Filter>
    </ClCompile>
    <ClCompile Include="source\Box2D\Rope\b2Rope.cpp">
      <Filter>Box2D</Filter>
    </ClCompile>
    <ClCompile Include="source\Box2D\Collision\b2BroadPhase.cpp">
      <Filter>Box2D</Filter>
    </ClCompile>
    <ClCompile Include="source\Box2D\Collision\b2CollideCircle.cpp">
      <Filter>Box2D</Filter>
    </ClCompile>
    <ClCompile Include="source\Box2D\Collision\b2CollideEdge.cpp">
      <Filter>Box2D</Filter>
    </ClCompile>
    <ClCompile Include="source\Box2D\Collision\b2CollidePolygon.cpp">
      <Filter>Box2D</Filter>
    </ClCompile>
    <ClCompile Include="source\Box2D\Collision\b2Collision.cpp">
      <Filter>Box2D</Filter>
    </ClCompile>
    <ClCompile Include="source\Box2D\Collision\b2Distance.cpp">
      <Filter>Box2D</Filter>
    </ClCompile>
    <ClCompile Include="source\Box2D\Collision\b2DynamicTree.cpp">
      <Filter>Box2D</Filter>
    </ClCompile>
    <ClCompile Include="source\Box2D\Collision\b2TimeOfImpact.cpp">
      <Filter>Box2D</Filter>
    </ClCompile>
    <ClCompile Include="source\Box2D\Collision\Shapes\b2ChainShape.cpp">
      <Filter>Box2D</Filter>
    </ClCompile>
    <ClCompile Include="source\Box2D\Collision\Shapes\b2CircleShape.cpp">
      <Filter>Box2D</Filter>
    </ClCompile>
    <ClCompile Include="source\Box2D\Collision\Shapes\b2EdgeShape.cpp">
      <Filter>Box2D</Filter>
    </ClCompile>
    <ClCompile Include="source\Box2D\Collision\Shapes\b2PolygonShape.cpp">
      <Filter>Box2D</Filter>
    </ClCompile>
    <ClCompile Include="source\Box2D\Common\b2BlockAllocator.cpp">
      <Filter>Box2D</Filter>
    </ClCompile>
    <ClCompile Include="source\Box2D\Common\b2Draw.cpp">
      <Filter>Box2D</Filter>
    </ClCompile>
    <ClCompile Include="source\Box2D\Common\b2Math.cpp">
      <Filter>Box2D</Filter>
    </ClCompile>
    <ClCompile Include="source\Box2D\Common\b2Settings.cpp">
      <Filter>Box2D</Filter>
    </ClCompile>
    <ClCompile Include="source\Box2D\Common\b2StackAllocator.cpp">
      <Filter>Box2D</Filter>
    </ClCompile>
    <ClCompile Include="source\Box2D\Common\b2Timer.cpp">
      <Filter>Box2D</Filter>
    </ClCompile>
    <ClCompile Include="source\component\gameplay\lifecontroller.cpp">
      <Filter>Source Files\component\gameplay</Filter>
    </ClCompile>
    <ClCompile Include="source\component\gameplay\aicontroller.cpp">
      <Filter>Source Files\component\gameplay</Filter>
    </ClCompile>
    <ClCompile Include="source\component\playersmanager.cpp">
      <Filter>Source Files\component</Filter>
    </ClCompile>
    <ClCompile Include="source\component\gameplay\timespawner.cpp">
      <Filter>Source Files\component\gameplay</Filter>
    </ClCompile>
    <ClCompile Include="source\component\gameplay\spawned.cpp">
      <Filter>Source Files\component\gameplay</Filter>
    </ClCompile>
    <ClCompile Include="source\component\gameplay\shotgunweapon.cpp">
      <Filter>Source Files\component\gameplay</Filter>
    </ClCompile>
    <ClCompile Include="source\component\filemanager.cpp">
      <Filter>Source Files\component</Filter>
    </ClCompile>
    <ClCompile Include="source\physfs\physfs_byteorder.c">
      <Filter>Physfs</Filter>
    </ClCompile>
    <ClCompile Include="source\physfs\physfs_unicode.c">
      <Filter>Physfs</Filter>
    </ClCompile>
    <ClCompile Include="source\physfs\physfs.c">
      <Filter>Physfs</Filter>
    </ClCompile>
    <ClCompile Include="source\physfs\platform\os2.c">
      <Filter>Physfs</Filter>
    </ClCompile>
    <ClCompile Include="source\physfs\platform\pocketpc.c">
      <Filter>Physfs</Filter>
    </ClCompile>
    <ClCompile Include="source\physfs\platform\posix.c">
      <Filter>Physfs</Filter>
    </ClCompile>
    <ClCompile Include="source\physfs\platform\unix.c">
      <Filter>Physfs</Filter>
    </ClCompile>
    <ClCompile Include="source\physfs\platform\windows.c">
      <Filter>Physfs</Filter>
    </ClCompile>
    <ClCompile Include="source\physfs\platform\macosx.c">
      <Filter>Physfs</Filter>
    </ClCompile>
    <ClCompile Include="source\physfs\zlib123\deflate.c">
      <Filter>Physfs</Filter>
    </ClCompile>
    <ClCompile Include="source\physfs\zlib123\gzio.c">
      <Filter>Physfs</Filter>
    </ClCompile>
    <ClCompile Include="source\physfs\zlib123\infback.c">
      <Filter>Physfs</Filter>
    </ClCompile>
    <ClCompile Include="source\physfs\zlib123\inffast.c">
      <Filter>Physfs</Filter>
    </ClCompile>
    <ClCompile Include="source\physfs\zlib123\inflate.c">
      <Filter>Physfs</Filter>
    </ClCompile>
    <ClCompile Include="source\physfs\zlib123\inftrees.c">
      <Filter>Physfs</Filter>
    </ClCompile>
    <ClCompile Include="source\physfs\zlib123\trees.c">
      <Filter>Physfs</Filter>
    </ClCompile>
    <ClCompile Include="source\physfs\zlib123\uncompr.c">
      <Filter>Physfs</Filter>
    </ClCompile>
    <ClCompile Include="source\physfs\zlib123\zutil.c">
      <Filter>Physfs</Filter>
    </ClCompile>
    <ClCompile Include="source\physfs\zlib123\adler32.c">
      <Filter>Physfs</Filter>
    </ClCompile>
    <ClCompile Include="source\physfs\zlib123\compress.c">
      <Filter>Physfs</Filter>
    </ClCompile>
    <ClCompile Include="source\physfs\zlib123\crc32.c">
      <Filter>Physfs</Filter>
    </ClCompile>
    <ClCompile Include="source\physfs\archivers\grp.c">
      <Filter>Physfs</Filter>
    </ClCompile>
    <ClCompile Include="source\physfs\archivers\hog.c">
      <Filter>Physfs</Filter>
    </ClCompile>
    <ClCompile Include="source\physfs\archivers\lzma.c">
      <Filter>Physfs</Filter>
    </ClCompile>
    <ClCompile Include="source\physfs\archivers\mvl.c">
      <Filter>Physfs</Filter>
    </ClCompile>
    <ClCompile Include="source\physfs\archivers\qpak.c">
      <Filter>Physfs</Filter>
    </ClCompile>
    <ClCompile Include="source\physfs\archivers\wad.c">
      <Filter>Physfs</Filter>
    </ClCompile>
    <ClCompile Include="source\physfs\archivers\zip.c">
      <Filter>Physfs</Filter>
    </ClCompile>
    <ClCompile Include="source\physfs\archivers\dir.c">
      <Filter>Physfs</Filter>
    </ClCompile>
    <ClCompile Include="source\SOIL\src\SOIL.c">
      <Filter>SOIL</Filter>
    </ClCompile>
    <ClCompile Include="source\SOIL\src\stb_image_aug.c">
      <Filter>SOIL</Filter>
    </ClCompile>
    <ClCompile Include="source\SOIL\src\image_DXT.c">
      <Filter>SOIL</Filter>
    </ClCompile>
    <ClCompile Include="source\SOIL\src\image_helper.c">
      <Filter>SOIL</Filter>
    </ClCompile>
    <ClCompile Include="source\component\texturemanager.cpp">
      <Filter>Source Files\component</Filter>
    </ClCompile>
    <ClCompile Include="source\component\fontmanager.cpp">
      <Filter>Source Files\component</Filter>
    </ClCompile>
    <ClCompile Include="source\component\textshape.cpp">
      <Filter>Source Files\component</Filter>
    </ClCompile>
    <ClCompile Include="source\component\ui.cpp">
      <Filter>Source Files\component</Filter>
    </ClCompile>
    <ClCompile Include="source\component\ui\fpscounter.cpp">
      <Filter>Source Files\component\ui</Filter>
    </ClCompile>
    <ClCompile Include="source\freetype\src\cid\cidgload.c">
      <Filter>FreeType\module</Filter>
    </ClCompile>
    <ClCompile Include="source\freetype\src\cid\cidload.c">
      <Filter>FreeType\module</Filter>
    </ClCompile>
    <ClCompile Include="source\freetype\src\cid\cidobjs.c">
      <Filter>FreeType\module</Filter>
    </ClCompile>
    <ClCompile Include="source\freetype\src\cid\cidparse.c">
      <Filter>FreeType\module</Filter>
    </ClCompile>
    <ClCompile Include="source\freetype\src\cid\cidriver.c">
      <Filter>FreeType\module</Filter>
    </ClCompile>
    <ClCompile Include="source\freetype\src\cid\type1cid.c">
      <Filter>FreeType\module</Filter>
    </ClCompile>
    <ClCompile Include="source\freetype\src\gxvalid\gxvalid.c">
      <Filter>FreeType\module</Filter>
    </ClCompile>
    <ClCompile Include="source\freetype\src\gxvalid\gxvbsln.c">
      <Filter>FreeType\module</Filter>
    </ClCompile>
    <ClCompile Include="source\freetype\src\gxvalid\gxvcommn.c">
      <Filter>FreeType\module</Filter>
    </ClCompile>
    <ClCompile Include="source\freetype\src\gxvalid\gxvfeat.c">
      <Filter>FreeType\module</Filter>
    </ClCompile>
    <ClCompile Include="source\freetype\src\gxvalid\gxvfgen.c">
      <Filter>FreeType\module</Filter>
    </ClCompile>
    <ClCompile Include="source\freetype\src\gxvalid\gxvjust.c">
      <Filter>FreeType\module</Filter>
    </ClCompile>
    <ClCompile Include="source\freetype\src\gxvalid\gxvkern.c">
      <Filter>FreeType\module</Filter>
    </ClCompile>
    <ClCompile Include="source\freetype\src\gxvalid\gxvlcar.c">
      <Filter>FreeType\module</Filter>
    </ClCompile>
    <ClCompile Include="source\freetype\src\gxvalid\gxvmod.c">
      <Filter>FreeType\module</Filter>
    </ClCompile>
    <ClCompile Include="source\freetype\src\gxvalid\gxvmort.c">
      <Filter>FreeType\module</Filter>
    </ClCompile>
    <ClCompile Include="source\freetype\src\gxvalid\gxvmort0.c">
      <Filter>FreeType\module</Filter>
    </ClCompile>
    <ClCompile Include="source\freetype\src\gxvalid\gxvmort1.c">
      <Filter>FreeType\module</Filter>
    </ClCompile>
    <ClCompile Include="source\freetype\src\gxvalid\gxvmort2.c">
      <Filter>FreeType\module</Filter>
    </ClCompile>
    <ClCompile Include="source\freetype\src\gxvalid\gxvmort4.c">
      <Filter>FreeType\module</Filter>
    </ClCompile>
    <ClCompile Include="source\freetype\src\gxvalid\gxvmort5.c">
      <Filter>FreeType\module</Filter>
    </ClCompile>
    <ClCompile Include="source\freetype\src\gxvalid\gxvmorx.c">
      <Filter>FreeType\module</Filter>
    </ClCompile>
    <ClCompile Include="source\freetype\src\gxvalid\gxvmorx0.c">
      <Filter>FreeType\module</Filter>
    </ClCompile>
    <ClCompile Include="source\freetype\src\gxvalid\gxvmorx1.c">
      <Filter>FreeType\module</Filter>
    </ClCompile>
    <ClCompile Include="source\freetype\src\gxvalid\gxvmorx2.c">
      <Filter>FreeType\module</Filter>
    </ClCompile>
    <ClCompile Include="source\freetype\src\gxvalid\gxvmorx4.c">
      <Filter>FreeType\module</Filter>
    </ClCompile>
    <ClCompile Include="source\freetype\src\gxvalid\gxvmorx5.c">
      <Filter>FreeType\module</Filter>
    </ClCompile>
    <ClCompile Include="source\freetype\src\gxvalid\gxvopbd.c">
      <Filter>FreeType\module</Filter>
    </ClCompile>
    <ClCompile Include="source\freetype\src\gxvalid\gxvprop.c">
      <Filter>FreeType\module</Filter>
    </ClCompile>
    <ClCompile Include="source\freetype\src\gxvalid\gxvtrak.c">
      <Filter>FreeType\module</Filter>
    </ClCompile>
    <ClCompile Include="source\freetype\src\gzip\adler32.c">
      <Filter>FreeType\module</Filter>
    </ClCompile>
    <ClCompile Include="source\freetype\src\gzip\ftgzip.c">
      <Filter>FreeType\module</Filter>
    </ClCompile>
    <ClCompile Include="source\freetype\src\gzip\infblock.c">
      <Filter>FreeType\module</Filter>
    </ClCompile>
    <ClCompile Include="source\freetype\src\gzip\infcodes.c">
      <Filter>FreeType\module</Filter>
    </ClCompile>
    <ClCompile Include="source\freetype\src\gzip\inflate.c">
      <Filter>FreeType\module</Filter>
    </ClCompile>
    <ClCompile Include="source\freetype\src\gzip\inftrees.c">
      <Filter>FreeType\module</Filter>
    </ClCompile>
    <ClCompile Include="source\freetype\src\gzip\infutil.c">
      <Filter>FreeType\module</Filter>
    </ClCompile>
    <ClCompile Include="source\freetype\src\gzip\zutil.c">
      <Filter>FreeType\module</Filter>
    </ClCompile>
    <ClCompile Include="source\freetype\src\lzw\ftlzw.c">
      <Filter>FreeType\module</Filter>
    </ClCompile>
    <ClCompile Include="source\freetype\src\lzw\ftzopen.c">
      <Filter>FreeType\module</Filter>
    </ClCompile>
    <ClCompile Include="source\freetype\src\otvalid\otvalid.c">
      <Filter>FreeType\module</Filter>
    </ClCompile>
    <ClCompile Include="source\freetype\src\otvalid\otvbase.c">
      <Filter>FreeType\module</Filter>
    </ClCompile>
    <ClCompile Include="source\freetype\src\otvalid\otvcommn.c">
      <Filter>FreeType\module</Filter>
    </ClCompile>
    <ClCompile Include="source\freetype\src\otvalid\otvgdef.c">
      <Filter>FreeType\module</Filter>
    </ClCompile>
    <ClCompile Include="source\freetype\src\otvalid\otvgpos.c">
      <Filter>FreeType\module</Filter>
    </ClCompile>
    <ClCompile Include="source\freetype\src\otvalid\otvgsub.c">
      <Filter>FreeType\module</Filter>
    </ClCompile>
    <ClCompile Include="source\freetype\src\otvalid\otvjstf.c">
      <Filter>FreeType\module</Filter>
    </ClCompile>
    <ClCompile Include="source\freetype\src\otvalid\otvmath.c">
      <Filter>FreeType\module</Filter>
    </ClCompile>
    <ClCompile Include="source\freetype\src\otvalid\otvmod.c">
      <Filter>FreeType\module</Filter>
    </ClCompile>
    <ClCompile Include="source\freetype\src\pcf\pcf.c">
      <Filter>FreeType\module</Filter>
    </ClCompile>
    <ClCompile Include="source\freetype\src\pcf\pcfdrivr.c">
      <Filter>FreeType\module</Filter>
    </ClCompile>
    <ClCompile Include="source\freetype\src\pcf\pcfread.c">
      <Filter>FreeType\module</Filter>
    </ClCompile>
    <ClCompile Include="source\freetype\src\pcf\pcfutil.c">
      <Filter>FreeType\module</Filter>
    </ClCompile>
    <ClCompile Include="source\freetype\src\pfr\pfr.c">
      <Filter>FreeType\module</Filter>
    </ClCompile>
    <ClCompile Include="source\freetype\src\pfr\pfrcmap.c">
      <Filter>FreeType\module</Filter>
    </ClCompile>
    <ClCompile Include="source\freetype\src\pfr\pfrdrivr.c">
      <Filter>FreeType\module</Filter>
    </ClCompile>
    <ClCompile Include="source\freetype\src\pfr\pfrgload.c">
      <Filter>FreeType\module</Filter>
    </ClCompile>
    <ClCompile Include="source\freetype\src\pfr\pfrload.c">
      <Filter>FreeType\module</Filter>
    </ClCompile>
    <ClCompile Include="source\freetype\src\pfr\pfrobjs.c">
      <Filter>FreeType\module</Filter>
    </ClCompile>
    <ClCompile Include="source\freetype\src\pfr\pfrsbit.c">
      <Filter>FreeType\module</Filter>
    </ClCompile>
    <ClCompile Include="source\freetype\src\psaux\afmparse.c">
      <Filter>FreeType\module</Filter>
    </ClCompile>
    <ClCompile Include="source\freetype\src\psaux\psaux.c">
      <Filter>FreeType\module</Filter>
    </ClCompile>
    <ClCompile Include="source\freetype\src\psaux\psauxmod.c">
      <Filter>FreeType\module</Filter>
    </ClCompile>
    <ClCompile Include="source\freetype\src\psaux\psconv.c">
      <Filter>FreeType\module</Filter>
    </ClCompile>
    <ClCompile Include="source\freetype\src\psaux\psobjs.c">
      <Filter>FreeType\module</Filter>
    </ClCompile>
    <ClCompile Include="source\freetype\src\psaux\t1cmap.c">
      <Filter>FreeType\module</Filter>
    </ClCompile>
    <ClCompile Include="source\freetype\src\psaux\t1decode.c">
      <Filter>FreeType\module</Filter>
    </ClCompile>
    <ClCompile Include="source\freetype\src\pshinter\pshalgo.c">
      <Filter>FreeType\module</Filter>
    </ClCompile>
    <ClCompile Include="source\freetype\src\pshinter\pshglob.c">
      <Filter>FreeType\module</Filter>
    </ClCompile>
    <ClCompile Include="source\freetype\src\pshinter\pshinter.c">
      <Filter>FreeType\module</Filter>
    </ClCompile>
    <ClCompile Include="source\freetype\src\pshinter\pshmod.c">
      <Filter>FreeType\module</Filter>
    </ClCompile>
    <ClCompile Include="source\freetype\src\pshinter\pshpic.c">
      <Filter>FreeType\module</Filter>
    </ClCompile>
    <ClCompile Include="source\freetype\src\pshinter\pshrec.c">
      <Filter>FreeType\module</Filter>
    </ClCompile>
    <ClCompile Include="source\freetype\src\psnames\psmodule.c">
      <Filter>FreeType\module</Filter>
    </ClCompile>
    <ClCompile Include="source\freetype\src\psnames\psnames.c">
      <Filter>FreeType\module</Filter>
    </ClCompile>
    <ClCompile Include="source\freetype\src\psnames\pspic.c">
      <Filter>FreeType\module</Filter>
    </ClCompile>
    <ClCompile Include="source\freetype\src\raster\ftraster.c">
      <Filter>FreeType\module</Filter>
    </ClCompile>
    <ClCompile Include="source\freetype\src\raster\ftrend1.c">
      <Filter>FreeType\module</Filter>
    </ClCompile>
    <ClCompile Include="source\freetype\src\raster\raster.c">
      <Filter>FreeType\module</Filter>
    </ClCompile>
    <ClCompile Include="source\freetype\src\raster\rastpic.c">
      <Filter>FreeType\module</Filter>
    </ClCompile>
    <ClCompile Include="source\freetype\src\sfnt\pngshim.c">
      <Filter>FreeType\module</Filter>
    </ClCompile>
    <ClCompile Include="source\freetype\src\sfnt\sfdriver.c">
      <Filter>FreeType\module</Filter>
    </ClCompile>
    <ClCompile Include="source\freetype\src\sfnt\sfnt.c">
      <Filter>FreeType\module</Filter>
    </ClCompile>
    <ClCompile Include="source\freetype\src\sfnt\sfntpic.c">
      <Filter>FreeType\module</Filter>
    </ClCompile>
    <ClCompile Include="source\freetype\src\sfnt\sfobjs.c">
      <Filter>FreeType\module</Filter>
    </ClCompile>
    <ClCompile Include="source\freetype\src\sfnt\ttbdf.c">
      <Filter>FreeType\module</Filter>
    </ClCompile>
    <ClCompile Include="source\freetype\src\sfnt\ttcmap.c">
      <Filter>FreeType\module</Filter>
    </ClCompile>
    <ClCompile Include="source\freetype\src\sfnt\ttkern.c">
      <Filter>FreeType\module</Filter>
    </ClCompile>
    <ClCompile Include="source\freetype\src\sfnt\ttload.c">
      <Filter>FreeType\module</Filter>
    </ClCompile>
    <ClCompile Include="source\freetype\src\sfnt\ttmtx.c">
      <Filter>FreeType\module</Filter>
    </ClCompile>
    <ClCompile Include="source\freetype\src\sfnt\ttpost.c">
      <Filter>FreeType\module</Filter>
    </ClCompile>
    <ClCompile Include="source\freetype\src\sfnt\ttsbit.c">
      <Filter>FreeType\module</Filter>
    </ClCompile>
    <ClCompile Include="source\freetype\src\smooth\ftgrays.c">
      <Filter>FreeType\module</Filter>
    </ClCompile>
    <ClCompile Include="source\freetype\src\smooth\ftsmooth.c">
      <Filter>FreeType\module</Filter>
    </ClCompile>
    <ClCompile Include="source\freetype\src\smooth\ftspic.c">
      <Filter>FreeType\module</Filter>
    </ClCompile>
    <ClCompile Include="source\freetype\src\smooth\smooth.c">
      <Filter>FreeType\module</Filter>
    </ClCompile>
    <ClCompile Include="source\freetype\src\tools\apinames.c">
      <Filter>FreeType\module</Filter>
    </ClCompile>
    <ClCompile Include="source\freetype\src\tools\ftrandom\ftrandom.c">
      <Filter>FreeType\module</Filter>
    </ClCompile>
    <ClCompile Include="source\freetype\src\tools\test_afm.c">
      <Filter>FreeType\module</Filter>
    </ClCompile>
    <ClCompile Include="source\freetype\src\tools\test_bbox.c">
      <Filter>FreeType\module</Filter>
    </ClCompile>
    <ClCompile Include="source\freetype\src\tools\test_trig.c">
      <Filter>FreeType\module</Filter>
    </ClCompile>
    <ClCompile Include="source\freetype\src\truetype\truetype.c">
      <Filter>FreeType\module</Filter>
    </ClCompile>
    <ClCompile Include="source\freetype\src\truetype\ttdriver.c">
      <Filter>FreeType\module</Filter>
    </ClCompile>
    <ClCompile Include="source\freetype\src\truetype\ttgload.c">
      <Filter>FreeType\module</Filter>
    </ClCompile>
    <ClCompile Include="source\freetype\src\truetype\ttgxvar.c">
      <Filter>FreeType\module</Filter>
    </ClCompile>
    <ClCompile Include="source\freetype\src\truetype\ttinterp.c">
      <Filter>FreeType\module</Filter>
    </ClCompile>
    <ClCompile Include="source\freetype\src\truetype\ttobjs.c">
      <Filter>FreeType\module</Filter>
    </ClCompile>
    <ClCompile Include="source\freetype\src\truetype\ttpic.c">
      <Filter>FreeType\module</Filter>
    </ClCompile>
    <ClCompile Include="source\freetype\src\truetype\ttpload.c">
      <Filter>FreeType\module</Filter>
    </ClCompile>
    <ClCompile Include="source\freetype\src\truetype\ttsubpix.c">
      <Filter>FreeType\module</Filter>
    </ClCompile>
    <ClCompile Include="source\freetype\src\type1\t1afm.c">
      <Filter>FreeType\module</Filter>
    </ClCompile>
    <ClCompile Include="source\freetype\src\type1\t1driver.c">
      <Filter>FreeType\module</Filter>
    </ClCompile>
    <ClCompile Include="source\freetype\src\type1\t1gload.c">
      <Filter>FreeType\module</Filter>
    </ClCompile>
    <ClCompile Include="source\freetype\src\type1\t1load.c">
      <Filter>FreeType\module</Filter>
    </ClCompile>
    <ClCompile Include="source\freetype\src\type1\t1objs.c">
      <Filter>FreeType\module</Filter>
    </ClCompile>
    <ClCompile Include="source\freetype\src\type1\t1parse.c">
      <Filter>FreeType\module</Filter>
    </ClCompile>
    <ClCompile Include="source\freetype\src\type1\type1.c">
      <Filter>FreeType\module</Filter>
    </ClCompile>
    <ClCompile Include="source\freetype\src\type42\t42drivr.c">
      <Filter>FreeType\module</Filter>
    </ClCompile>
    <ClCompile Include="source\freetype\src\type42\t42objs.c">
      <Filter>FreeType\module</Filter>
    </ClCompile>
    <ClCompile Include="source\freetype\src\type42\t42parse.c">
      <Filter>FreeType\module</Filter>
    </ClCompile>
    <ClCompile Include="source\freetype\src\type42\type42.c">
      <Filter>FreeType\module</Filter>
    </ClCompile>
    <ClCompile Include="source\freetype\src\winfonts\winfnt.c">
      <Filter>FreeType\module</Filter>
    </ClCompile>
    <ClCompile Include="source\freetype\src\autofit\afangles.c">
      <Filter>FreeType\module</Filter>
    </ClCompile>
    <ClCompile Include="source\freetype\src\autofit\afcjk.c">
      <Filter>FreeType\module</Filter>
    </ClCompile>
    <ClCompile Include="source\freetype\src\autofit\afdummy.c">
      <Filter>FreeType\module</Filter>
    </ClCompile>
    <ClCompile Include="source\freetype\src\autofit\afglobal.c">
      <Filter>FreeType\module</Filter>
    </ClCompile>
    <ClCompile Include="source\freetype\src\autofit\afhints.c">
      <Filter>FreeType\module</Filter>
    </ClCompile>
    <ClCompile Include="source\freetype\src\autofit\afindic.c">
      <Filter>FreeType\module</Filter>
    </ClCompile>
    <ClCompile Include="source\freetype\src\autofit\aflatin.c">
      <Filter>FreeType\module</Filter>
    </ClCompile>
    <ClCompile Include="source\freetype\src\autofit\aflatin2.c">
      <Filter>FreeType\module</Filter>
    </ClCompile>
    <ClCompile Include="source\freetype\src\autofit\afloader.c">
      <Filter>FreeType\module</Filter>
    </ClCompile>
    <ClCompile Include="source\freetype\src\autofit\afmodule.c">
      <Filter>FreeType\module</Filter>
    </ClCompile>
    <ClCompile Include="source\freetype\src\autofit\afpic.c">
      <Filter>FreeType\module</Filter>
    </ClCompile>
    <ClCompile Include="source\freetype\src\autofit\afwarp.c">
      <Filter>FreeType\module</Filter>
    </ClCompile>
    <ClCompile Include="source\freetype\src\autofit\autofit.c">
      <Filter>FreeType\module</Filter>
    </ClCompile>
    <ClCompile Include="source\freetype\src\base\basepic.c">
      <Filter>FreeType\module</Filter>
    </ClCompile>
    <ClCompile Include="source\freetype\src\base\ftadvanc.c">
      <Filter>FreeType\module</Filter>
    </ClCompile>
    <ClCompile Include="source\freetype\src\base\ftapi.c">
      <Filter>FreeType\module</Filter>
    </ClCompile>
    <ClCompile Include="source\freetype\src\base\ftbase.c">
      <Filter>FreeType\module</Filter>
    </ClCompile>
    <ClCompile Include="source\freetype\src\base\ftbbox.c">
      <Filter>FreeType\module</Filter>
    </ClCompile>
    <ClCompile Include="source\freetype\src\base\ftbdf.c">
      <Filter>FreeType\module</Filter>
    </ClCompile>
    <ClCompile Include="source\freetype\src\base\ftbitmap.c">
      <Filter>FreeType\module</Filter>
    </ClCompile>
    <ClCompile Include="source\freetype\src\base\ftcalc.c">
      <Filter>FreeType\module</Filter>
    </ClCompile>
    <ClCompile Include="source\freetype\src\base\ftcid.c">
      <Filter>FreeType\module</Filter>
    </ClCompile>
    <ClCompile Include="source\freetype\src\base\ftdbgmem.c">
      <Filter>FreeType\module</Filter>
    </ClCompile>
    <ClCompile Include="source\freetype\src\base\ftdebug.c">
      <Filter>FreeType\module</Filter>
    </ClCompile>
    <ClCompile Include="source\freetype\src\base\ftfstype.c">
      <Filter>FreeType\module</Filter>
    </ClCompile>
    <ClCompile Include="source\freetype\src\base\ftgasp.c">
      <Filter>FreeType\module</Filter>
    </ClCompile>
    <ClCompile Include="source\freetype\src\base\ftgloadr.c">
      <Filter>FreeType\module</Filter>
    </ClCompile>
    <ClCompile Include="source\freetype\src\base\ftglyph.c">
      <Filter>FreeType\module</Filter>
    </ClCompile>
    <ClCompile Include="source\freetype\src\base\ftgxval.c">
      <Filter>FreeType\module</Filter>
    </ClCompile>
    <ClCompile Include="source\freetype\src\base\ftinit.c">
      <Filter>FreeType\module</Filter>
    </ClCompile>
    <ClCompile Include="source\freetype\src\base\ftlcdfil.c">
      <Filter>FreeType\module</Filter>
    </ClCompile>
    <ClCompile Include="source\freetype\src\base\ftmac.c">
      <Filter>FreeType\module</Filter>
    </ClCompile>
    <ClCompile Include="source\freetype\src\base\ftmm.c">
      <Filter>FreeType\module</Filter>
    </ClCompile>
    <ClCompile Include="source\freetype\src\base\ftobjs.c">
      <Filter>FreeType\module</Filter>
    </ClCompile>
    <ClCompile Include="source\freetype\src\base\ftotval.c">
      <Filter>FreeType\module</Filter>
    </ClCompile>
    <ClCompile Include="source\freetype\src\base\ftoutln.c">
      <Filter>FreeType\module</Filter>
    </ClCompile>
    <ClCompile Include="source\freetype\src\base\ftpatent.c">
      <Filter>FreeType\module</Filter>
    </ClCompile>
    <ClCompile Include="source\freetype\src\base\ftpfr.c">
      <Filter>FreeType\module</Filter>
    </ClCompile>
    <ClCompile Include="source\freetype\src\base\ftpic.c">
      <Filter>FreeType\module</Filter>
    </ClCompile>
    <ClCompile Include="source\freetype\src\base\ftrfork.c">
      <Filter>FreeType\module</Filter>
    </ClCompile>
    <ClCompile Include="source\freetype\src\base\ftsnames.c">
      <Filter>FreeType\module</Filter>
    </ClCompile>
    <ClCompile Include="source\freetype\src\base\ftstream.c">
      <Filter>FreeType\module</Filter>
    </ClCompile>
    <ClCompile Include="source\freetype\src\base\ftstroke.c">
      <Filter>FreeType\module</Filter>
    </ClCompile>
    <ClCompile Include="source\freetype\src\base\ftsynth.c">
      <Filter>FreeType\module</Filter>
    </ClCompile>
    <ClCompile Include="source\freetype\src\base\ftsystem.c">
      <Filter>FreeType\module</Filter>
    </ClCompile>
    <ClCompile Include="source\freetype\src\base\fttrigon.c">
      <Filter>FreeType\module</Filter>
    </ClCompile>
    <ClCompile Include="source\freetype\src\base\fttype1.c">
      <Filter>FreeType\module</Filter>
    </ClCompile>
    <ClCompile Include="source\freetype\src\base\ftutil.c">
      <Filter>FreeType\module</Filter>
    </ClCompile>
    <ClCompile Include="source\freetype\src\base\ftwinfnt.c">
      <Filter>FreeType\module</Filter>
    </ClCompile>
    <ClCompile Include="source\freetype\src\base\ftxf86.c">
      <Filter>FreeType\module</Filter>
    </ClCompile>
    <ClCompile Include="source\freetype\src\base\md5.c">
      <Filter>FreeType\module</Filter>
    </ClCompile>
    <ClCompile Include="source\freetype\src\bdf\bdf.c">
      <Filter>FreeType\module</Filter>
    </ClCompile>
    <ClCompile Include="source\freetype\src\bdf\bdfdrivr.c">
      <Filter>FreeType\module</Filter>
    </ClCompile>
    <ClCompile Include="source\freetype\src\bdf\bdflib.c">
      <Filter>FreeType\module</Filter>
    </ClCompile>
    <ClCompile Include="source\freetype\src\bzip2\ftbzip2.c">
      <Filter>FreeType\module</Filter>
    </ClCompile>
    <ClCompile Include="source\freetype\src\cache\ftcache.c">
      <Filter>FreeType\module</Filter>
    </ClCompile>
    <ClCompile Include="source\freetype\src\cache\ftcbasic.c">
      <Filter>FreeType\module</Filter>
    </ClCompile>
    <ClCompile Include="source\freetype\src\cache\ftccache.c">
      <Filter>FreeType\module</Filter>
    </ClCompile>
    <ClCompile Include="source\freetype\src\cache\ftccmap.c">
      <Filter>FreeType\module</Filter>
    </ClCompile>
    <ClCompile Include="source\freetype\src\cache\ftcglyph.c">
      <Filter>FreeType\module</Filter>
    </ClCompile>
    <ClCompile Include="source\freetype\src\cache\ftcimage.c">
      <Filter>FreeType\module</Filter>
    </ClCompile>
    <ClCompile Include="source\freetype\src\cache\ftcmanag.c">
      <Filter>FreeType\module</Filter>
    </ClCompile>
    <ClCompile Include="source\freetype\src\cache\ftcmru.c">
      <Filter>FreeType\module</Filter>
    </ClCompile>
    <ClCompile Include="source\freetype\src\cache\ftcsbits.c">
      <Filter>FreeType\module</Filter>
    </ClCompile>
    <ClCompile Include="source\freetype\src\cff\cf2arrst.c">
      <Filter>FreeType\module</Filter>
    </ClCompile>
    <ClCompile Include="source\freetype\src\cff\cf2blues.c">
      <Filter>FreeType\module</Filter>
    </ClCompile>
    <ClCompile Include="source\freetype\src\cff\cf2error.c">
      <Filter>FreeType\module</Filter>
    </ClCompile>
    <ClCompile Include="source\freetype\src\cff\cf2font.c">
      <Filter>FreeType\module</Filter>
    </ClCompile>
    <ClCompile Include="source\freetype\src\cff\cf2ft.c">
      <Filter>FreeType\module</Filter>
    </ClCompile>
    <ClCompile Include="source\freetype\src\cff\cf2hints.c">
      <Filter>FreeType\module</Filter>
    </ClCompile>
    <ClCompile Include="source\freetype\src\cff\cf2intrp.c">
      <Filter>FreeType\module</Filter>
    </ClCompile>
    <ClCompile Include="source\freetype\src\cff\cf2read.c">
      <Filter>FreeType\module</Filter>
    </ClCompile>
    <ClCompile Include="source\freetype\src\cff\cf2stack.c">
      <Filter>FreeType\module</Filter>
    </ClCompile>
    <ClCompile Include="source\freetype\src\cff\cff.c">
      <Filter>FreeType\module</Filter>
    </ClCompile>
    <ClCompile Include="source\freetype\src\cff\cffcmap.c">
      <Filter>FreeType\module</Filter>
    </ClCompile>
    <ClCompile Include="source\freetype\src\cff\cffdrivr.c">
      <Filter>FreeType\module</Filter>
    </ClCompile>
    <ClCompile Include="source\freetype\src\cff\cffgload.c">
      <Filter>FreeType\module</Filter>
    </ClCompile>
    <ClCompile Include="source\freetype\src\cff\cffload.c">
      <Filter>FreeType\module</Filter>
    </ClCompile>
    <ClCompile Include="source\freetype\src\cff\cffobjs.c">
      <Filter>FreeType\module</Filter>
    </ClCompile>
    <ClCompile Include="source\freetype\src\cff\cffparse.c">
      <Filter>FreeType\module</Filter>
    </ClCompile>
    <ClCompile Include="source\freetype\src\cff\cffpic.c">
      <Filter>FreeType\module</Filter>
    </ClCompile>
    <ClCompile Include="source\base\serializer.cpp">
      <Filter>Source Files\base</Filter>
    </ClCompile>
    <ClCompile Include="source\component\generated\gen_fpscounter.cpp">
      <Filter>Source Files\component\generated</Filter>
    </ClCompile>
    <ClCompile Include="source\component\generated\gen_glmanager.cpp">
      <Filter>Source Files\component\generated</Filter>
    </ClCompile>
    <ClCompile Include="source\component\generated\gen_glrender.cpp">
      <Filter>Source Files\component\generated</Filter>
    </ClCompile>
    <ClCompile Include="source\component\generated\gen_lifecontroller.cpp">
      <Filter>Source Files\component\generated</Filter>
    </ClCompile>
    <ClCompile Include="source\component\generated\gen_physicsmanager.cpp">
      <Filter>Source Files\component\generated</Filter>
    </ClCompile>
    <ClCompile Include="source\component\generated\gen_playersmanager.cpp">
      <Filter>Source Files\component\generated</Filter>
    </ClCompile>
    <ClCompile Include="source\component\generated\gen_rigidbody.cpp">
      <Filter>Source Files\component\generated</Filter>
    </ClCompile>
    <ClCompile Include="source\component\generated\gen_scenemanager.cpp">
      <Filter>Source Files\component\generated</Filter>
    </ClCompile>
    <ClCompile Include="source\component\generated\gen_sdlinput.cpp">
      <Filter>Source Files\component\generated</Filter>
    </ClCompile>
    <ClCompile Include="source\component\generated\gen_sdlmanager.cpp">
      <Filter>Source Files\component\generated</Filter>
    </ClCompile>
    <ClCompile Include="source\component\generated\gen_sdlrender.cpp">
      <Filter>Source Files\component\generated</Filter>
    </ClCompile>
    <ClCompile Include="source\component\generated\gen_shotgunweapon.cpp">
      <Filter>Source Files\component\generated</Filter>
    </ClCompile>
    <ClCompile Include="source\component\generated\gen_spawned.cpp">
      <Filter>Source Files\component\generated</Filter>
    </ClCompile>
    <ClCompile Include="source\component\generated\gen_spawner.cpp">
      <Filter>Source Files\component\generated</Filter>
    </ClCompile>
    <ClCompile Include="source\component\generated\gen_squareshape.cpp">
      <Filter>Source Files\component\generated</Filter>
    </ClCompile>
    <ClCompile Include="source\component\generated\gen_textshape.cpp">
      <Filter>Source Files\component\generated</Filter>
    </ClCompile>
    <ClCompile Include="source\component\generated\gen_texturemanager.cpp">
      <Filter>Source Files\component\generated</Filter>
    </ClCompile>
    <ClCompile Include="source\component\generated\gen_timespawner.cpp">
      <Filter>Source Files\component\generated</Filter>
    </ClCompile>
    <ClCompile Include="source\component\generated\gen_transform.cpp">
      <Filter>Source Files\component\generated</Filter>
    </ClCompile>
    <ClCompile Include="source\component\generated\gen_ui.cpp">
      <Filter>Source Files\component\generated</Filter>
    </ClCompile>
    <ClCompile Include="source\component\generated\gen_aicontroller.cpp">
      <Filter>Source Files\component\generated</Filter>
    </ClCompile>
    <ClCompile Include="source\component\generated\gen_baseweapon.cpp">
      <Filter>Source Files\component\generated</Filter>
    </ClCompile>
    <ClCompile Include="source\component\generated\gen_bulletcontroller.cpp">
      <Filter>Source Files\component\generated</Filter>
    </ClCompile>
    <ClCompile Include="source\component\generated\gen_camera.cpp">
      <Filter>Source Files\component\generated</Filter>
    </ClCompile>
    <ClCompile Include="source\component\generated\gen_charactercontroller.cpp">
      <Filter>Source Files\component\generated</Filter>
    </ClCompile>
    <ClCompile Include="source\component\generated\gen_filemanager.cpp">
      <Filter>Source Files\component\generated</Filter>
    </ClCompile>
    <ClCompile Include="source\component\generated\gen_fontmanager.cpp">
      <Filter>Source Files\component\generated</Filter>
    </ClCompile>
    <ClCompile Include="source\component\componentfactory.cpp">
      <Filter>Source Files\component</Filter>
    </ClCompile>
    <ClCompile Include="source\component\generated\gen_componentfactory.cpp">
      <Filter>Source Files\component\generated</Filter>
    </ClCompile>
    <ClCompile Include="source\tinyxml\tinyxml2.cpp">
      <Filter>tinyxml</Filter>
    </ClCompile>
    <ClCompile Include="source\component\generated\factory_componentfactory.cpp">
      <Filter>Source Files\component\generated</Filter>
    </ClCompile>
    <ClCompile Include="source\component\camera.cpp">
      <Filter>Source Files\component</Filter>
    </ClCompile>
    <ClCompile Include="source\component\prefabmanager.cpp">
      <Filter>Source Files\component</Filter>
    </ClCompile>
    <ClCompile Include="source\component\generated\gen_prefabmanager.cpp">
      <Filter>Source Files\component\generated</Filter>
    </ClCompile>
    <ClCompile Include="source\component\spriteranimator.cpp">
      <Filter>Source Files\component</Filter>
    </ClCompile>
    <ClCompile Include="source\component\generated\gen_spriteranimator.cpp">
      <Filter>Source Files\component\generated</Filter>
    </ClCompile>
    <ClCompile Include="source\component\spritermanager.cpp">
      <Filter>Source Files\component</Filter>
    </ClCompile>
    <ClCompile Include="source\component\generated\gen_spritermanager.cpp">
      <Filter>Source Files\component\generated</Filter>
    </ClCompile>
  </ItemGroup>
  <ItemGroup>
    <ClInclude Include="include\base\entity.h">
      <Filter>Source Files\base</Filter>
    </ClInclude>
    <ClInclude Include="include\base\kernel.h">
      <Filter>Source Files\base</Filter>
    </ClInclude>
    <ClInclude Include="include\base\component.h">
      <Filter>Source Files\base</Filter>
    </ClInclude>
    <ClInclude Include="include\base\natdef.h">
      <Filter>Source Files\base</Filter>
    </ClInclude>
    <ClInclude Include="include\base\timeplatform.h">
      <Filter>Source Files\base</Filter>
    </ClInclude>
    <ClInclude Include="include\entity\root.h">
      <Filter>Source Files\entity</Filter>
    </ClInclude>
    <ClInclude Include="include\component\sdlmanager.h">
      <Filter>Source Files\component</Filter>
    </ClInclude>
    <ClInclude Include="include\entity\player.h">
      <Filter>Source Files\entity</Filter>
    </ClInclude>
    <ClInclude Include="include\component\sdlrender.h">
      <Filter>Source Files\component</Filter>
    </ClInclude>
    <ClInclude Include="include\component\transform.h">
      <Filter>Source Files\component</Filter>
    </ClInclude>
    <ClInclude Include="include\base\hash.h">
      <Filter>Source Files\base</Filter>
    </ClInclude>
    <ClInclude Include="include\component\scenemanager.h">
      <Filter>Source Files\component</Filter>
    </ClInclude>
    <ClInclude Include="include\component\sdlinput.h">
      <Filter>Source Files\component</Filter>
    </ClInclude>
    <ClInclude Include="include\component\charactercontroller.h">
      <Filter>Source Files\component</Filter>
    </ClInclude>
    <ClInclude Include="include\component\input.h">
      <Filter>Source Files\component</Filter>
    </ClInclude>
    <ClInclude Include="include\base\layer.h">
      <Filter>Source Files\base</Filter>
    </ClInclude>
    <ClInclude Include="include\component\glrender.h">
      <Filter>Source Files\component</Filter>
    </ClInclude>
    <ClInclude Include="include\component\glmanager.h">
      <Filter>Source Files\component</Filter>
    </ClInclude>
    <ClInclude Include="include\shader\position.h">
      <Filter>Source Files\shader</Filter>
    </ClInclude>
    <ClInclude Include="include\shader\position_es.h">
      <Filter>Source Files\shader</Filter>
    </ClInclude>
    <ClInclude Include="include\component\camera.h">
      <Filter>Source Files\component</Filter>
    </ClInclude>
    <ClInclude Include="include\component\shape.h">
      <Filter>Source Files\component</Filter>
    </ClInclude>
    <ClInclude Include="include\component\squareshape.h">
      <Filter>Source Files\component</Filter>
    </ClInclude>
    <ClInclude Include="include\entity\civilian.h">
      <Filter>Source Files\entity</Filter>
    </ClInclude>
    <ClInclude Include="include\component\gameplay\spawner.h">
      <Filter>Source Files\component\gameplay</Filter>
    </ClInclude>
    <ClInclude Include="include\entity\spawnercivilian.h">
      <Filter>Source Files\entity</Filter>
    </ClInclude>
    <ClInclude Include="include\component\gameplay\baseweapon.h">
      <Filter>Source Files\component\gameplay</Filter>
    </ClInclude>
    <ClInclude Include="include\entity\bullet.h">
      <Filter>Source Files\entity</Filter>
    </ClInclude>
    <ClInclude Include="include\component\gameplay\bulletcontroller.h">
      <Filter>Source Files\component\gameplay</Filter>
    </ClInclude>
    <ClInclude Include="include\component\rigidbody.h">
      <Filter>Source Files\component</Filter>
    </ClInclude>
    <ClInclude Include="include\component\physicsmanager.h">
      <Filter>Source Files\component</Filter>
    </ClInclude>
    <ClInclude Include="source\Box2D\Dynamics\b2Body.h">
      <Filter>Box2D</Filter>
    </ClInclude>
    <ClInclude Include="source\Box2D\Dynamics\b2ContactManager.h">
      <Filter>Box2D</Filter>
    </ClInclude>
    <ClInclude Include="source\Box2D\Dynamics\b2Fixture.h">
      <Filter>Box2D</Filter>
    </ClInclude>
    <ClInclude Include="source\Box2D\Dynamics\b2Island.h">
      <Filter>Box2D</Filter>
    </ClInclude>
    <ClInclude Include="source\Box2D\Dynamics\b2TimeStep.h">
      <Filter>Box2D</Filter>
    </ClInclude>
    <ClInclude Include="source\Box2D\Dynamics\b2World.h">
      <Filter>Box2D</Filter>
    </ClInclude>
    <ClInclude Include="source\Box2D\Dynamics\b2WorldCallbacks.h">
      <Filter>Box2D</Filter>
    </ClInclude>
    <ClInclude Include="source\Box2D\Dynamics\Contacts\b2ChainAndCircleContact.h">
      <Filter>Box2D</Filter>
    </ClInclude>
    <ClInclude Include="source\Box2D\Dynamics\Contacts\b2ChainAndPolygonContact.h">
      <Filter>Box2D</Filter>
    </ClInclude>
    <ClInclude Include="source\Box2D\Dynamics\Contacts\b2CircleContact.h">
      <Filter>Box2D</Filter>
    </ClInclude>
    <ClInclude Include="source\Box2D\Dynamics\Contacts\b2Contact.h">
      <Filter>Box2D</Filter>
    </ClInclude>
    <ClInclude Include="source\Box2D\Dynamics\Contacts\b2ContactSolver.h">
      <Filter>Box2D</Filter>
    </ClInclude>
    <ClInclude Include="source\Box2D\Dynamics\Contacts\b2EdgeAndCircleContact.h">
      <Filter>Box2D</Filter>
    </ClInclude>
    <ClInclude Include="source\Box2D\Dynamics\Contacts\b2EdgeAndPolygonContact.h">
      <Filter>Box2D</Filter>
    </ClInclude>
    <ClInclude Include="source\Box2D\Dynamics\Contacts\b2PolygonAndCircleContact.h">
      <Filter>Box2D</Filter>
    </ClInclude>
    <ClInclude Include="source\Box2D\Dynamics\Contacts\b2PolygonContact.h">
      <Filter>Box2D</Filter>
    </ClInclude>
    <ClInclude Include="source\Box2D\Dynamics\Joints\b2DistanceJoint.h">
      <Filter>Box2D</Filter>
    </ClInclude>
    <ClInclude Include="source\Box2D\Dynamics\Joints\b2FrictionJoint.h">
      <Filter>Box2D</Filter>
    </ClInclude>
    <ClInclude Include="source\Box2D\Dynamics\Joints\b2GearJoint.h">
      <Filter>Box2D</Filter>
    </ClInclude>
    <ClInclude Include="source\Box2D\Dynamics\Joints\b2Joint.h">
      <Filter>Box2D</Filter>
    </ClInclude>
    <ClInclude Include="source\Box2D\Dynamics\Joints\b2MouseJoint.h">
      <Filter>Box2D</Filter>
    </ClInclude>
    <ClInclude Include="source\Box2D\Dynamics\Joints\b2PrismaticJoint.h">
      <Filter>Box2D</Filter>
    </ClInclude>
    <ClInclude Include="source\Box2D\Dynamics\Joints\b2PulleyJoint.h">
      <Filter>Box2D</Filter>
    </ClInclude>
    <ClInclude Include="source\Box2D\Dynamics\Joints\b2RevoluteJoint.h">
      <Filter>Box2D</Filter>
    </ClInclude>
    <ClInclude Include="source\Box2D\Dynamics\Joints\b2RopeJoint.h">
      <Filter>Box2D</Filter>
    </ClInclude>
    <ClInclude Include="source\Box2D\Dynamics\Joints\b2WeldJoint.h">
      <Filter>Box2D</Filter>
    </ClInclude>
    <ClInclude Include="source\Box2D\Dynamics\Joints\b2WheelJoint.h">
      <Filter>Box2D</Filter>
    </ClInclude>
    <ClInclude Include="source\Box2D\Rope\b2Rope.h">
      <Filter>Box2D</Filter>
    </ClInclude>
    <ClInclude Include="source\Box2D\Box2D.h">
      <Filter>Box2D</Filter>
    </ClInclude>
    <ClInclude Include="source\Box2D\Collision\b2BroadPhase.h">
      <Filter>Box2D</Filter>
    </ClInclude>
    <ClInclude Include="source\Box2D\Collision\b2Collision.h">
      <Filter>Box2D</Filter>
    </ClInclude>
    <ClInclude Include="source\Box2D\Collision\b2Distance.h">
      <Filter>Box2D</Filter>
    </ClInclude>
    <ClInclude Include="source\Box2D\Collision\b2DynamicTree.h">
      <Filter>Box2D</Filter>
    </ClInclude>
    <ClInclude Include="source\Box2D\Collision\b2TimeOfImpact.h">
      <Filter>Box2D</Filter>
    </ClInclude>
    <ClInclude Include="source\Box2D\Collision\Shapes\b2ChainShape.h">
      <Filter>Box2D</Filter>
    </ClInclude>
    <ClInclude Include="source\Box2D\Collision\Shapes\b2CircleShape.h">
      <Filter>Box2D</Filter>
    </ClInclude>
    <ClInclude Include="source\Box2D\Collision\Shapes\b2EdgeShape.h">
      <Filter>Box2D</Filter>
    </ClInclude>
    <ClInclude Include="source\Box2D\Collision\Shapes\b2PolygonShape.h">
      <Filter>Box2D</Filter>
    </ClInclude>
    <ClInclude Include="source\Box2D\Collision\Shapes\b2Shape.h">
      <Filter>Box2D</Filter>
    </ClInclude>
    <ClInclude Include="source\Box2D\Common\b2BlockAllocator.h">
      <Filter>Box2D</Filter>
    </ClInclude>
    <ClInclude Include="source\Box2D\Common\b2Draw.h">
      <Filter>Box2D</Filter>
    </ClInclude>
    <ClInclude Include="source\Box2D\Common\b2GrowableStack.h">
      <Filter>Box2D</Filter>
    </ClInclude>
    <ClInclude Include="source\Box2D\Common\b2Math.h">
      <Filter>Box2D</Filter>
    </ClInclude>
    <ClInclude Include="source\Box2D\Common\b2Settings.h">
      <Filter>Box2D</Filter>
    </ClInclude>
    <ClInclude Include="source\Box2D\Common\b2StackAllocator.h">
      <Filter>Box2D</Filter>
    </ClInclude>
    <ClInclude Include="source\Box2D\Common\b2Timer.h">
      <Filter>Box2D</Filter>
    </ClInclude>
    <ClInclude Include="include\base\contact.h">
      <Filter>Source Files\base</Filter>
    </ClInclude>
    <ClInclude Include="include\component\gameplay\lifecontroller.h">
      <Filter>Source Files\component\gameplay</Filter>
    </ClInclude>
    <ClInclude Include="include\component\gameplay\aicontroller.h">
      <Filter>Source Files\component\gameplay</Filter>
    </ClInclude>
    <ClInclude Include="include\component\playersmanager.h">
      <Filter>Source Files\component</Filter>
    </ClInclude>
    <ClInclude Include="include\component\gameplay\timespawner.h">
      <Filter>Source Files\component\gameplay</Filter>
    </ClInclude>
    <ClInclude Include="include\component\gameplay\spawned.h">
      <Filter>Source Files\component\gameplay</Filter>
    </ClInclude>
    <ClInclude Include="include\component\gameplay\shotgunweapon.h">
      <Filter>Source Files\component\gameplay</Filter>
    </ClInclude>
    <ClInclude Include="include\component\filemanager.h">
      <Filter>Source Files\component</Filter>
    </ClInclude>
    <ClInclude Include="source\physfs\physfs.h">
      <Filter>Physfs</Filter>
    </ClInclude>
    <ClInclude Include="source\physfs\physfs_casefolding.h">
      <Filter>Physfs</Filter>
    </ClInclude>
    <ClInclude Include="source\physfs\physfs_internal.h">
      <Filter>Physfs</Filter>
    </ClInclude>
    <ClInclude Include="source\physfs\physfs_platforms.h">
      <Filter>Physfs</Filter>
    </ClInclude>
    <ClInclude Include="source\physfs\zlib123\deflate.h">
      <Filter>Physfs</Filter>
    </ClInclude>
    <ClInclude Include="source\physfs\zlib123\inffast.h">
      <Filter>Physfs</Filter>
    </ClInclude>
    <ClInclude Include="source\physfs\zlib123\inffixed.h">
      <Filter>Physfs</Filter>
    </ClInclude>
    <ClInclude Include="source\physfs\zlib123\inflate.h">
      <Filter>Physfs</Filter>
    </ClInclude>
    <ClInclude Include="source\physfs\zlib123\inftrees.h">
      <Filter>Physfs</Filter>
    </ClInclude>
    <ClInclude Include="source\physfs\zlib123\trees.h">
      <Filter>Physfs</Filter>
    </ClInclude>
    <ClInclude Include="source\physfs\zlib123\zconf.h">
      <Filter>Physfs</Filter>
    </ClInclude>
    <ClInclude Include="source\physfs\zlib123\zlib.h">
      <Filter>Physfs</Filter>
    </ClInclude>
    <ClInclude Include="source\physfs\zlib123\zutil.h">
      <Filter>Physfs</Filter>
    </ClInclude>
    <ClInclude Include="source\physfs\zlib123\crc32.h">
      <Filter>Physfs</Filter>
    </ClInclude>
    <ClInclude Include="source\SOIL\src\image_helper.h">
      <Filter>SOIL</Filter>
    </ClInclude>
    <ClInclude Include="source\SOIL\src\SOIL.h">
      <Filter>SOIL</Filter>
    </ClInclude>
    <ClInclude Include="source\SOIL\src\stb_image_aug.h">
      <Filter>SOIL</Filter>
    </ClInclude>
    <ClInclude Include="source\SOIL\src\stbi_DDS_aug.h">
      <Filter>SOIL</Filter>
    </ClInclude>
    <ClInclude Include="source\SOIL\src\stbi_DDS_aug_c.h">
      <Filter>SOIL</Filter>
    </ClInclude>
    <ClInclude Include="source\SOIL\src\image_DXT.h">
      <Filter>SOIL</Filter>
    </ClInclude>
    <ClInclude Include="include\component\texturemanager.h">
      <Filter>Source Files\component</Filter>
    </ClInclude>
    <ClInclude Include="include\shader\monotexture.h">
      <Filter>Source Files\shader</Filter>
    </ClInclude>
    <ClInclude Include="include\shader\monotexture_es.h">
      <Filter>Source Files\shader</Filter>
    </ClInclude>
    <ClInclude Include="include\entity\floor.h">
      <Filter>Source Files\entity</Filter>
    </ClInclude>
    <ClInclude Include="include\component\fontmanager.h">
      <Filter>Source Files\component</Filter>
    </ClInclude>
    <ClInclude Include="include\component\textshape.h">
      <Filter>Source Files\component</Filter>
    </ClInclude>
    <ClInclude Include="include\entity\text.h">
      <Filter>Source Files\entity</Filter>
    </ClInclude>
    <ClInclude Include="include\component\ui.h">
      <Filter>Source Files\component</Filter>
    </ClInclude>
    <ClInclude Include="include\component\ui\fpscounter.h">
      <Filter>Source Files\component\ui</Filter>
    </ClInclude>
    <ClInclude Include="include\entity\fps.h">
      <Filter>Source Files\entity</Filter>
    </ClInclude>
    <ClInclude Include="source\freetype\src\cid\ciderrs.h">
      <Filter>FreeType\module</Filter>
    </ClInclude>
    <ClInclude Include="source\freetype\src\cid\cidgload.h">
      <Filter>FreeType\module</Filter>
    </ClInclude>
    <ClInclude Include="source\freetype\src\cid\cidload.h">
      <Filter>FreeType\module</Filter>
    </ClInclude>
    <ClInclude Include="source\freetype\src\cid\cidobjs.h">
      <Filter>FreeType\module</Filter>
    </ClInclude>
    <ClInclude Include="source\freetype\src\cid\cidparse.h">
      <Filter>FreeType\module</Filter>
    </ClInclude>
    <ClInclude Include="source\freetype\src\cid\cidriver.h">
      <Filter>FreeType\module</Filter>
    </ClInclude>
    <ClInclude Include="source\freetype\src\cid\cidtoken.h">
      <Filter>FreeType\module</Filter>
    </ClInclude>
    <ClInclude Include="source\freetype\src\gxvalid\gxvalid.h">
      <Filter>FreeType\module</Filter>
    </ClInclude>
    <ClInclude Include="source\freetype\src\gxvalid\gxvcommn.h">
      <Filter>FreeType\module</Filter>
    </ClInclude>
    <ClInclude Include="source\freetype\src\gxvalid\gxverror.h">
      <Filter>FreeType\module</Filter>
    </ClInclude>
    <ClInclude Include="source\freetype\src\gxvalid\gxvfeat.h">
      <Filter>FreeType\module</Filter>
    </ClInclude>
    <ClInclude Include="source\freetype\src\gxvalid\gxvmod.h">
      <Filter>FreeType\module</Filter>
    </ClInclude>
    <ClInclude Include="source\freetype\src\gxvalid\gxvmort.h">
      <Filter>FreeType\module</Filter>
    </ClInclude>
    <ClInclude Include="source\freetype\src\gxvalid\gxvmorx.h">
      <Filter>FreeType\module</Filter>
    </ClInclude>
    <ClInclude Include="source\freetype\src\gzip\infblock.h">
      <Filter>FreeType\module</Filter>
    </ClInclude>
    <ClInclude Include="source\freetype\src\gzip\infcodes.h">
      <Filter>FreeType\module</Filter>
    </ClInclude>
    <ClInclude Include="source\freetype\src\gzip\inffixed.h">
      <Filter>FreeType\module</Filter>
    </ClInclude>
    <ClInclude Include="source\freetype\src\gzip\inftrees.h">
      <Filter>FreeType\module</Filter>
    </ClInclude>
    <ClInclude Include="source\freetype\src\gzip\infutil.h">
      <Filter>FreeType\module</Filter>
    </ClInclude>
    <ClInclude Include="source\freetype\src\gzip\zconf.h">
      <Filter>FreeType\module</Filter>
    </ClInclude>
    <ClInclude Include="source\freetype\src\gzip\zlib.h">
      <Filter>FreeType\module</Filter>
    </ClInclude>
    <ClInclude Include="source\freetype\src\gzip\zutil.h">
      <Filter>FreeType\module</Filter>
    </ClInclude>
    <ClInclude Include="source\freetype\src\lzw\ftzopen.h">
      <Filter>FreeType\module</Filter>
    </ClInclude>
    <ClInclude Include="source\freetype\src\otvalid\otvalid.h">
      <Filter>FreeType\module</Filter>
    </ClInclude>
    <ClInclude Include="source\freetype\src\otvalid\otvcommn.h">
      <Filter>FreeType\module</Filter>
    </ClInclude>
    <ClInclude Include="source\freetype\src\otvalid\otverror.h">
      <Filter>FreeType\module</Filter>
    </ClInclude>
    <ClInclude Include="source\freetype\src\otvalid\otvgpos.h">
      <Filter>FreeType\module</Filter>
    </ClInclude>
    <ClInclude Include="source\freetype\src\otvalid\otvmod.h">
      <Filter>FreeType\module</Filter>
    </ClInclude>
    <ClInclude Include="source\freetype\src\pcf\pcf.h">
      <Filter>FreeType\module</Filter>
    </ClInclude>
    <ClInclude Include="source\freetype\src\pcf\pcfdrivr.h">
      <Filter>FreeType\module</Filter>
    </ClInclude>
    <ClInclude Include="source\freetype\src\pcf\pcferror.h">
      <Filter>FreeType\module</Filter>
    </ClInclude>
    <ClInclude Include="source\freetype\src\pcf\pcfread.h">
      <Filter>FreeType\module</Filter>
    </ClInclude>
    <ClInclude Include="source\freetype\src\pcf\pcfutil.h">
      <Filter>FreeType\module</Filter>
    </ClInclude>
    <ClInclude Include="source\freetype\src\pfr\pfrcmap.h">
      <Filter>FreeType\module</Filter>
    </ClInclude>
    <ClInclude Include="source\freetype\src\pfr\pfrdrivr.h">
      <Filter>FreeType\module</Filter>
    </ClInclude>
    <ClInclude Include="source\freetype\src\pfr\pfrerror.h">
      <Filter>FreeType\module</Filter>
    </ClInclude>
    <ClInclude Include="source\freetype\src\pfr\pfrgload.h">
      <Filter>FreeType\module</Filter>
    </ClInclude>
    <ClInclude Include="source\freetype\src\pfr\pfrload.h">
      <Filter>FreeType\module</Filter>
    </ClInclude>
    <ClInclude Include="source\freetype\src\pfr\pfrobjs.h">
      <Filter>FreeType\module</Filter>
    </ClInclude>
    <ClInclude Include="source\freetype\src\pfr\pfrsbit.h">
      <Filter>FreeType\module</Filter>
    </ClInclude>
    <ClInclude Include="source\freetype\src\pfr\pfrtypes.h">
      <Filter>FreeType\module</Filter>
    </ClInclude>
    <ClInclude Include="source\freetype\src\psaux\afmparse.h">
      <Filter>FreeType\module</Filter>
    </ClInclude>
    <ClInclude Include="source\freetype\src\psaux\psauxerr.h">
      <Filter>FreeType\module</Filter>
    </ClInclude>
    <ClInclude Include="source\freetype\src\psaux\psauxmod.h">
      <Filter>FreeType\module</Filter>
    </ClInclude>
    <ClInclude Include="source\freetype\src\psaux\psconv.h">
      <Filter>FreeType\module</Filter>
    </ClInclude>
    <ClInclude Include="source\freetype\src\psaux\psobjs.h">
      <Filter>FreeType\module</Filter>
    </ClInclude>
    <ClInclude Include="source\freetype\src\psaux\t1cmap.h">
      <Filter>FreeType\module</Filter>
    </ClInclude>
    <ClInclude Include="source\freetype\src\psaux\t1decode.h">
      <Filter>FreeType\module</Filter>
    </ClInclude>
    <ClInclude Include="source\freetype\src\pshinter\pshalgo.h">
      <Filter>FreeType\module</Filter>
    </ClInclude>
    <ClInclude Include="source\freetype\src\pshinter\pshglob.h">
      <Filter>FreeType\module</Filter>
    </ClInclude>
    <ClInclude Include="source\freetype\src\pshinter\pshmod.h">
      <Filter>FreeType\module</Filter>
    </ClInclude>
    <ClInclude Include="source\freetype\src\pshinter\pshnterr.h">
      <Filter>FreeType\module</Filter>
    </ClInclude>
    <ClInclude Include="source\freetype\src\pshinter\pshpic.h">
      <Filter>FreeType\module</Filter>
    </ClInclude>
    <ClInclude Include="source\freetype\src\pshinter\pshrec.h">
      <Filter>FreeType\module</Filter>
    </ClInclude>
    <ClInclude Include="source\freetype\src\psnames\psmodule.h">
      <Filter>FreeType\module</Filter>
    </ClInclude>
    <ClInclude Include="source\freetype\src\psnames\psnamerr.h">
      <Filter>FreeType\module</Filter>
    </ClInclude>
    <ClInclude Include="source\freetype\src\psnames\pspic.h">
      <Filter>FreeType\module</Filter>
    </ClInclude>
    <ClInclude Include="source\freetype\src\psnames\pstables.h">
      <Filter>FreeType\module</Filter>
    </ClInclude>
    <ClInclude Include="source\freetype\src\raster\ftmisc.h">
      <Filter>FreeType\module</Filter>
    </ClInclude>
    <ClInclude Include="source\freetype\src\raster\ftraster.h">
      <Filter>FreeType\module</Filter>
    </ClInclude>
    <ClInclude Include="source\freetype\src\raster\ftrend1.h">
      <Filter>FreeType\module</Filter>
    </ClInclude>
    <ClInclude Include="source\freetype\src\raster\rasterrs.h">
      <Filter>FreeType\module</Filter>
    </ClInclude>
    <ClInclude Include="source\freetype\src\raster\rastpic.h">
      <Filter>FreeType\module</Filter>
    </ClInclude>
    <ClInclude Include="source\freetype\src\sfnt\pngshim.h">
      <Filter>FreeType\module</Filter>
    </ClInclude>
    <ClInclude Include="source\freetype\src\sfnt\sfdriver.h">
      <Filter>FreeType\module</Filter>
    </ClInclude>
    <ClInclude Include="source\freetype\src\sfnt\sferrors.h">
      <Filter>FreeType\module</Filter>
    </ClInclude>
    <ClInclude Include="source\freetype\src\sfnt\sfntpic.h">
      <Filter>FreeType\module</Filter>
    </ClInclude>
    <ClInclude Include="source\freetype\src\sfnt\sfobjs.h">
      <Filter>FreeType\module</Filter>
    </ClInclude>
    <ClInclude Include="source\freetype\src\sfnt\ttbdf.h">
      <Filter>FreeType\module</Filter>
    </ClInclude>
    <ClInclude Include="source\freetype\src\sfnt\ttcmap.h">
      <Filter>FreeType\module</Filter>
    </ClInclude>
    <ClInclude Include="source\freetype\src\sfnt\ttcmapc.h">
      <Filter>FreeType\module</Filter>
    </ClInclude>
    <ClInclude Include="source\freetype\src\sfnt\ttkern.h">
      <Filter>FreeType\module</Filter>
    </ClInclude>
    <ClInclude Include="source\freetype\src\sfnt\ttload.h">
      <Filter>FreeType\module</Filter>
    </ClInclude>
    <ClInclude Include="source\freetype\src\sfnt\ttmtx.h">
      <Filter>FreeType\module</Filter>
    </ClInclude>
    <ClInclude Include="source\freetype\src\sfnt\ttpost.h">
      <Filter>FreeType\module</Filter>
    </ClInclude>
    <ClInclude Include="source\freetype\src\sfnt\ttsbit.h">
      <Filter>FreeType\module</Filter>
    </ClInclude>
    <ClInclude Include="source\freetype\src\smooth\ftgrays.h">
      <Filter>FreeType\module</Filter>
    </ClInclude>
    <ClInclude Include="source\freetype\src\smooth\ftsmerrs.h">
      <Filter>FreeType\module</Filter>
    </ClInclude>
    <ClInclude Include="source\freetype\src\smooth\ftsmooth.h">
      <Filter>FreeType\module</Filter>
    </ClInclude>
    <ClInclude Include="source\freetype\src\smooth\ftspic.h">
      <Filter>FreeType\module</Filter>
    </ClInclude>
    <ClInclude Include="source\freetype\src\truetype\ttdriver.h">
      <Filter>FreeType\module</Filter>
    </ClInclude>
    <ClInclude Include="source\freetype\src\truetype\tterrors.h">
      <Filter>FreeType\module</Filter>
    </ClInclude>
    <ClInclude Include="source\freetype\src\truetype\ttgload.h">
      <Filter>FreeType\module</Filter>
    </ClInclude>
    <ClInclude Include="source\freetype\src\truetype\ttgxvar.h">
      <Filter>FreeType\module</Filter>
    </ClInclude>
    <ClInclude Include="source\freetype\src\truetype\ttinterp.h">
      <Filter>FreeType\module</Filter>
    </ClInclude>
    <ClInclude Include="source\freetype\src\truetype\ttobjs.h">
      <Filter>FreeType\module</Filter>
    </ClInclude>
    <ClInclude Include="source\freetype\src\truetype\ttpic.h">
      <Filter>FreeType\module</Filter>
    </ClInclude>
    <ClInclude Include="source\freetype\src\truetype\ttpload.h">
      <Filter>FreeType\module</Filter>
    </ClInclude>
    <ClInclude Include="source\freetype\src\truetype\ttsubpix.h">
      <Filter>FreeType\module</Filter>
    </ClInclude>
    <ClInclude Include="source\freetype\src\type1\t1afm.h">
      <Filter>FreeType\module</Filter>
    </ClInclude>
    <ClInclude Include="source\freetype\src\type1\t1driver.h">
      <Filter>FreeType\module</Filter>
    </ClInclude>
    <ClInclude Include="source\freetype\src\type1\t1errors.h">
      <Filter>FreeType\module</Filter>
    </ClInclude>
    <ClInclude Include="source\freetype\src\type1\t1gload.h">
      <Filter>FreeType\module</Filter>
    </ClInclude>
    <ClInclude Include="source\freetype\src\type1\t1load.h">
      <Filter>FreeType\module</Filter>
    </ClInclude>
    <ClInclude Include="source\freetype\src\type1\t1objs.h">
      <Filter>FreeType\module</Filter>
    </ClInclude>
    <ClInclude Include="source\freetype\src\type1\t1parse.h">
      <Filter>FreeType\module</Filter>
    </ClInclude>
    <ClInclude Include="source\freetype\src\type1\t1tokens.h">
      <Filter>FreeType\module</Filter>
    </ClInclude>
    <ClInclude Include="source\freetype\src\type42\t42drivr.h">
      <Filter>FreeType\module</Filter>
    </ClInclude>
    <ClInclude Include="source\freetype\src\type42\t42error.h">
      <Filter>FreeType\module</Filter>
    </ClInclude>
    <ClInclude Include="source\freetype\src\type42\t42objs.h">
      <Filter>FreeType\module</Filter>
    </ClInclude>
    <ClInclude Include="source\freetype\src\type42\t42parse.h">
      <Filter>FreeType\module</Filter>
    </ClInclude>
    <ClInclude Include="source\freetype\src\type42\t42types.h">
      <Filter>FreeType\module</Filter>
    </ClInclude>
    <ClInclude Include="source\freetype\src\winfonts\fnterrs.h">
      <Filter>FreeType\module</Filter>
    </ClInclude>
    <ClInclude Include="source\freetype\src\winfonts\winfnt.h">
      <Filter>FreeType\module</Filter>
    </ClInclude>
    <ClInclude Include="source\freetype\src\autofit\afangles.h">
      <Filter>FreeType\module</Filter>
    </ClInclude>
    <ClInclude Include="source\freetype\src\autofit\afcjk.h">
      <Filter>FreeType\module</Filter>
    </ClInclude>
    <ClInclude Include="source\freetype\src\autofit\afdummy.h">
      <Filter>FreeType\module</Filter>
    </ClInclude>
    <ClInclude Include="source\freetype\src\autofit\aferrors.h">
      <Filter>FreeType\module</Filter>
    </ClInclude>
    <ClInclude Include="source\freetype\src\autofit\afglobal.h">
      <Filter>FreeType\module</Filter>
    </ClInclude>
    <ClInclude Include="source\freetype\src\autofit\afhints.h">
      <Filter>FreeType\module</Filter>
    </ClInclude>
    <ClInclude Include="source\freetype\src\autofit\afindic.h">
      <Filter>FreeType\module</Filter>
    </ClInclude>
    <ClInclude Include="source\freetype\src\autofit\aflatin.h">
      <Filter>FreeType\module</Filter>
    </ClInclude>
    <ClInclude Include="source\freetype\src\autofit\aflatin2.h">
      <Filter>FreeType\module</Filter>
    </ClInclude>
    <ClInclude Include="source\freetype\src\autofit\afloader.h">
      <Filter>FreeType\module</Filter>
    </ClInclude>
    <ClInclude Include="source\freetype\src\autofit\afmodule.h">
      <Filter>FreeType\module</Filter>
    </ClInclude>
    <ClInclude Include="source\freetype\src\autofit\afpic.h">
      <Filter>FreeType\module</Filter>
    </ClInclude>
    <ClInclude Include="source\freetype\src\autofit\aftypes.h">
      <Filter>FreeType\module</Filter>
    </ClInclude>
    <ClInclude Include="source\freetype\src\autofit\afwarp.h">
      <Filter>FreeType\module</Filter>
    </ClInclude>
    <ClInclude Include="source\freetype\src\base\basepic.h">
      <Filter>FreeType\module</Filter>
    </ClInclude>
    <ClInclude Include="source\freetype\src\base\ftbase.h">
      <Filter>FreeType\module</Filter>
    </ClInclude>
    <ClInclude Include="source\freetype\src\base\md5.h">
      <Filter>FreeType\module</Filter>
    </ClInclude>
    <ClInclude Include="source\freetype\src\bdf\bdf.h">
      <Filter>FreeType\module</Filter>
    </ClInclude>
    <ClInclude Include="source\freetype\src\bdf\bdfdrivr.h">
      <Filter>FreeType\module</Filter>
    </ClInclude>
    <ClInclude Include="source\freetype\src\bdf\bdferror.h">
      <Filter>FreeType\module</Filter>
    </ClInclude>
    <ClInclude Include="source\freetype\src\cache\ftccache.h">
      <Filter>FreeType\module</Filter>
    </ClInclude>
    <ClInclude Include="source\freetype\src\cache\ftccback.h">
      <Filter>FreeType\module</Filter>
    </ClInclude>
    <ClInclude Include="source\freetype\src\cache\ftcerror.h">
      <Filter>FreeType\module</Filter>
    </ClInclude>
    <ClInclude Include="source\freetype\src\cache\ftcglyph.h">
      <Filter>FreeType\module</Filter>
    </ClInclude>
    <ClInclude Include="source\freetype\src\cache\ftcimage.h">
      <Filter>FreeType\module</Filter>
    </ClInclude>
    <ClInclude Include="source\freetype\src\cache\ftcmanag.h">
      <Filter>FreeType\module</Filter>
    </ClInclude>
    <ClInclude Include="source\freetype\src\cache\ftcmru.h">
      <Filter>FreeType\module</Filter>
    </ClInclude>
    <ClInclude Include="source\freetype\src\cache\ftcsbits.h">
      <Filter>FreeType\module</Filter>
    </ClInclude>
    <ClInclude Include="source\freetype\src\cff\cf2arrst.h">
      <Filter>FreeType\module</Filter>
    </ClInclude>
    <ClInclude Include="source\freetype\src\cff\cf2blues.h">
      <Filter>FreeType\module</Filter>
    </ClInclude>
    <ClInclude Include="source\freetype\src\cff\cf2error.h">
      <Filter>FreeType\module</Filter>
    </ClInclude>
    <ClInclude Include="source\freetype\src\cff\cf2fixed.h">
      <Filter>FreeType\module</Filter>
    </ClInclude>
    <ClInclude Include="source\freetype\src\cff\cf2font.h">
      <Filter>FreeType\module</Filter>
    </ClInclude>
    <ClInclude Include="source\freetype\src\cff\cf2ft.h">
      <Filter>FreeType\module</Filter>
    </ClInclude>
    <ClInclude Include="source\freetype\src\cff\cf2glue.h">
      <Filter>FreeType\module</Filter>
    </ClInclude>
    <ClInclude Include="source\freetype\src\cff\cf2hints.h">
      <Filter>FreeType\module</Filter>
    </ClInclude>
    <ClInclude Include="source\freetype\src\cff\cf2intrp.h">
      <Filter>FreeType\module</Filter>
    </ClInclude>
    <ClInclude Include="source\freetype\src\cff\cf2read.h">
      <Filter>FreeType\module</Filter>
    </ClInclude>
    <ClInclude Include="source\freetype\src\cff\cf2stack.h">
      <Filter>FreeType\module</Filter>
    </ClInclude>
    <ClInclude Include="source\freetype\src\cff\cf2types.h">
      <Filter>FreeType\module</Filter>
    </ClInclude>
    <ClInclude Include="source\freetype\src\cff\cffcmap.h">
      <Filter>FreeType\module</Filter>
    </ClInclude>
    <ClInclude Include="source\freetype\src\cff\cffdrivr.h">
      <Filter>FreeType\module</Filter>
    </ClInclude>
    <ClInclude Include="source\freetype\src\cff\cfferrs.h">
      <Filter>FreeType\module</Filter>
    </ClInclude>
    <ClInclude Include="source\freetype\src\cff\cffgload.h">
      <Filter>FreeType\module</Filter>
    </ClInclude>
    <ClInclude Include="source\freetype\src\cff\cffload.h">
      <Filter>FreeType\module</Filter>
    </ClInclude>
    <ClInclude Include="source\freetype\src\cff\cffobjs.h">
      <Filter>FreeType\module</Filter>
    </ClInclude>
    <ClInclude Include="source\freetype\src\cff\cffparse.h">
      <Filter>FreeType\module</Filter>
    </ClInclude>
    <ClInclude Include="source\freetype\src\cff\cffpic.h">
      <Filter>FreeType\module</Filter>
    </ClInclude>
    <ClInclude Include="source\freetype\src\cff\cfftoken.h">
      <Filter>FreeType\module</Filter>
    </ClInclude>
    <ClInclude Include="source\freetype\src\cff\cfftypes.h">
      <Filter>FreeType\module</Filter>
    </ClInclude>
    <ClInclude Include="source\freetype\include\freetype\internal\autohint.h">
      <Filter>FreeType\include</Filter>
    </ClInclude>
    <ClInclude Include="source\freetype\include\freetype\freetype.h">
      <Filter>FreeType\include</Filter>
    </ClInclude>
    <ClInclude Include="source\freetype\include\ft2build.h">
      <Filter>FreeType\include</Filter>
    </ClInclude>
    <ClInclude Include="source\freetype\include\freetype\ftadvanc.h">
      <Filter>FreeType\include</Filter>
    </ClInclude>
    <ClInclude Include="source\freetype\include\freetype\ftautoh.h">
      <Filter>FreeType\include</Filter>
    </ClInclude>
    <ClInclude Include="source\freetype\include\freetype\ftbbox.h">
      <Filter>FreeType\include</Filter>
    </ClInclude>
    <ClInclude Include="source\freetype\include\freetype\ftbdf.h">
      <Filter>FreeType\include</Filter>
    </ClInclude>
    <ClInclude Include="source\freetype\include\freetype\ftbitmap.h">
      <Filter>FreeType\include</Filter>
    </ClInclude>
    <ClInclude Include="source\freetype\include\freetype\ftbzip2.h">
      <Filter>FreeType\include</Filter>
    </ClInclude>
    <ClInclude Include="source\freetype\include\freetype\ftcache.h">
      <Filter>FreeType\include</Filter>
    </ClInclude>
    <ClInclude Include="source\freetype\include\freetype\internal\ftcalc.h">
      <Filter>FreeType\include</Filter>
    </ClInclude>
    <ClInclude Include="source\freetype\include\freetype\ftcffdrv.h">
      <Filter>FreeType\include</Filter>
    </ClInclude>
    <ClInclude Include="source\freetype\include\freetype\ftchapters.h">
      <Filter>FreeType\include</Filter>
    </ClInclude>
    <ClInclude Include="source\freetype\include\freetype\ftcid.h">
      <Filter>FreeType\include</Filter>
    </ClInclude>
    <ClInclude Include="source\freetype\include\freetype\config\ftconfig.h">
      <Filter>FreeType\include</Filter>
    </ClInclude>
    <ClInclude Include="source\freetype\include\freetype\internal\ftdebug.h">
      <Filter>FreeType\include</Filter>
    </ClInclude>
    <ClInclude Include="source\freetype\include\freetype\internal\ftdriver.h">
      <Filter>FreeType\include</Filter>
    </ClInclude>
    <ClInclude Include="source\freetype\include\freetype\fterrdef.h">
      <Filter>FreeType\include</Filter>
    </ClInclude>
    <ClInclude Include="source\freetype\include\freetype\fterrors.h">
      <Filter>FreeType\include</Filter>
    </ClInclude>
    <ClInclude Include="source\freetype\include\freetype\ftgasp.h">
      <Filter>FreeType\include</Filter>
    </ClInclude>
    <ClInclude Include="source\freetype\include\freetype\internal\ftgloadr.h">
      <Filter>FreeType\include</Filter>
    </ClInclude>
    <ClInclude Include="source\freetype\include\freetype\ftglyph.h">
      <Filter>FreeType\include</Filter>
    </ClInclude>
    <ClInclude Include="source\freetype\include\freetype\ftgxval.h">
      <Filter>FreeType\include</Filter>
    </ClInclude>
    <ClInclude Include="source\freetype\include\freetype\ftgzip.h">
      <Filter>FreeType\include</Filter>
    </ClInclude>
    <ClInclude Include="source\freetype\include\freetype\config\ftheader.h">
      <Filter>FreeType\include</Filter>
    </ClInclude>
    <ClInclude Include="source\freetype\include\freetype\ftimage.h">
      <Filter>FreeType\include</Filter>
    </ClInclude>
    <ClInclude Include="source\freetype\include\freetype\ftincrem.h">
      <Filter>FreeType\include</Filter>
    </ClInclude>
    <ClInclude Include="source\freetype\include\freetype\ftlcdfil.h">
      <Filter>FreeType\include</Filter>
    </ClInclude>
    <ClInclude Include="source\freetype\include\freetype\ftlist.h">
      <Filter>FreeType\include</Filter>
    </ClInclude>
    <ClInclude Include="source\freetype\include\freetype\ftlzw.h">
      <Filter>FreeType\include</Filter>
    </ClInclude>
    <ClInclude Include="source\freetype\include\freetype\ftmac.h">
      <Filter>FreeType\include</Filter>
    </ClInclude>
    <ClInclude Include="source\freetype\include\freetype\internal\ftmemory.h">
      <Filter>FreeType\include</Filter>
    </ClInclude>
    <ClInclude Include="source\freetype\include\freetype\ftmm.h">
      <Filter>FreeType\include</Filter>
    </ClInclude>
    <ClInclude Include="source\freetype\include\freetype\ftmodapi.h">
      <Filter>FreeType\include</Filter>
    </ClInclude>
    <ClInclude Include="source\freetype\include\freetype\ftmoderr.h">
      <Filter>FreeType\include</Filter>
    </ClInclude>
    <ClInclude Include="source\freetype\include\freetype\config\ftmodule.h">
      <Filter>FreeType\include</Filter>
    </ClInclude>
    <ClInclude Include="source\freetype\include\freetype\internal\ftobjs.h">
      <Filter>FreeType\include</Filter>
    </ClInclude>
    <ClInclude Include="source\freetype\include\freetype\config\ftoption.h">
      <Filter>FreeType\include</Filter>
    </ClInclude>
    <ClInclude Include="source\freetype\include\freetype\ftotval.h">
      <Filter>FreeType\include</Filter>
    </ClInclude>
    <ClInclude Include="source\freetype\include\freetype\ftoutln.h">
      <Filter>FreeType\include</Filter>
    </ClInclude>
    <ClInclude Include="source\freetype\include\freetype\ftpfr.h">
      <Filter>FreeType\include</Filter>
    </ClInclude>
    <ClInclude Include="source\freetype\include\freetype\internal\ftpic.h">
      <Filter>FreeType\include</Filter>
    </ClInclude>
    <ClInclude Include="source\freetype\include\freetype\ftrender.h">
      <Filter>FreeType\include</Filter>
    </ClInclude>
    <ClInclude Include="source\freetype\include\freetype\internal\ftrfork.h">
      <Filter>FreeType\include</Filter>
    </ClInclude>
    <ClInclude Include="source\freetype\include\freetype\internal\ftserv.h">
      <Filter>FreeType\include</Filter>
    </ClInclude>
    <ClInclude Include="source\freetype\include\freetype\ftsizes.h">
      <Filter>FreeType\include</Filter>
    </ClInclude>
    <ClInclude Include="source\freetype\include\freetype\ftsnames.h">
      <Filter>FreeType\include</Filter>
    </ClInclude>
    <ClInclude Include="source\freetype\include\freetype\config\ftstdlib.h">
      <Filter>FreeType\include</Filter>
    </ClInclude>
    <ClInclude Include="source\freetype\include\freetype\internal\ftstream.h">
      <Filter>FreeType\include</Filter>
    </ClInclude>
    <ClInclude Include="source\freetype\include\freetype\ftstroke.h">
      <Filter>FreeType\include</Filter>
    </ClInclude>
    <ClInclude Include="source\freetype\include\freetype\ftsynth.h">
      <Filter>FreeType\include</Filter>
    </ClInclude>
    <ClInclude Include="source\freetype\include\freetype\ftsystem.h">
      <Filter>FreeType\include</Filter>
    </ClInclude>
    <ClInclude Include="source\freetype\include\freetype\internal\fttrace.h">
      <Filter>FreeType\include</Filter>
    </ClInclude>
    <ClInclude Include="source\freetype\include\freetype\fttrigon.h">
      <Filter>FreeType\include</Filter>
    </ClInclude>
    <ClInclude Include="source\freetype\include\freetype\ftttdrv.h">
      <Filter>FreeType\include</Filter>
    </ClInclude>
    <ClInclude Include="source\freetype\include\freetype\fttypes.h">
      <Filter>FreeType\include</Filter>
    </ClInclude>
    <ClInclude Include="source\freetype\include\freetype\internal\ftvalid.h">
      <Filter>FreeType\include</Filter>
    </ClInclude>
    <ClInclude Include="source\freetype\include\freetype\ftwinfnt.h">
      <Filter>FreeType\include</Filter>
    </ClInclude>
    <ClInclude Include="source\freetype\include\freetype\ftxf86.h">
      <Filter>FreeType\include</Filter>
    </ClInclude>
    <ClInclude Include="source\freetype\include\freetype\internal\internal.h">
      <Filter>FreeType\include</Filter>
    </ClInclude>
    <ClInclude Include="source\freetype\include\freetype\internal\psaux.h">
      <Filter>FreeType\include</Filter>
    </ClInclude>
    <ClInclude Include="source\freetype\include\freetype\internal\pshints.h">
      <Filter>FreeType\include</Filter>
    </ClInclude>
    <ClInclude Include="source\freetype\include\freetype\internal\sfnt.h">
      <Filter>FreeType\include</Filter>
    </ClInclude>
    <ClInclude Include="source\freetype\include\freetype\internal\services\svbdf.h">
      <Filter>FreeType\include</Filter>
    </ClInclude>
    <ClInclude Include="source\freetype\include\freetype\internal\services\svcid.h">
      <Filter>FreeType\include</Filter>
    </ClInclude>
    <ClInclude Include="source\freetype\include\freetype\internal\services\svgldict.h">
      <Filter>FreeType\include</Filter>
    </ClInclude>
    <ClInclude Include="source\freetype\include\freetype\internal\services\svgxval.h">
      <Filter>FreeType\include</Filter>
    </ClInclude>
    <ClInclude Include="source\freetype\include\freetype\internal\services\svkern.h">
      <Filter>FreeType\include</Filter>
    </ClInclude>
    <ClInclude Include="source\freetype\include\freetype\internal\services\svmm.h">
      <Filter>FreeType\include</Filter>
    </ClInclude>
    <ClInclude Include="source\freetype\include\freetype\internal\services\svotval.h">
      <Filter>FreeType\include</Filter>
    </ClInclude>
    <ClInclude Include="source\freetype\include\freetype\internal\services\svpfr.h">
      <Filter>FreeType\include</Filter>
    </ClInclude>
    <ClInclude Include="source\freetype\include\freetype\internal\services\svpostnm.h">
      <Filter>FreeType\include</Filter>
    </ClInclude>
    <ClInclude Include="source\freetype\include\freetype\internal\services\svprop.h">
      <Filter>FreeType\include</Filter>
    </ClInclude>
    <ClInclude Include="source\freetype\include\freetype\internal\services\svpscmap.h">
      <Filter>FreeType\include</Filter>
    </ClInclude>
    <ClInclude Include="source\freetype\include\freetype\internal\services\svpsinfo.h">
      <Filter>FreeType\include</Filter>
    </ClInclude>
    <ClInclude Include="source\freetype\include\freetype\internal\services\svsfnt.h">
      <Filter>FreeType\include</Filter>
    </ClInclude>
    <ClInclude Include="source\freetype\include\freetype\internal\services\svttcmap.h">
      <Filter>FreeType\include</Filter>
    </ClInclude>
    <ClInclude Include="source\freetype\include\freetype\internal\services\svtteng.h">
      <Filter>FreeType\include</Filter>
    </ClInclude>
    <ClInclude Include="source\freetype\include\freetype\internal\services\svttglyf.h">
      <Filter>FreeType\include</Filter>
    </ClInclude>
    <ClInclude Include="source\freetype\include\freetype\internal\services\svwinfnt.h">
      <Filter>FreeType\include</Filter>
    </ClInclude>
    <ClInclude Include="source\freetype\include\freetype\internal\services\svxf86nm.h">
      <Filter>FreeType\include</Filter>
    </ClInclude>
    <ClInclude Include="source\freetype\include\freetype\t1tables.h">
      <Filter>FreeType\include</Filter>
    </ClInclude>
    <ClInclude Include="source\freetype\include\freetype\internal\t1types.h">
      <Filter>FreeType\include</Filter>
    </ClInclude>
    <ClInclude Include="source\freetype\include\freetype\ttnameid.h">
      <Filter>FreeType\include</Filter>
    </ClInclude>
    <ClInclude Include="source\freetype\include\freetype\tttables.h">
      <Filter>FreeType\include</Filter>
    </ClInclude>
    <ClInclude Include="source\freetype\include\freetype\tttags.h">
      <Filter>FreeType\include</Filter>
    </ClInclude>
    <ClInclude Include="source\freetype\include\freetype\internal\tttypes.h">
      <Filter>FreeType\include</Filter>
    </ClInclude>
    <ClInclude Include="source\freetype\include\freetype\ttunpat.h">
      <Filter>FreeType\include</Filter>
    </ClInclude>
    <ClInclude Include="include\base\serializer.h">
      <Filter>Source Files\base</Filter>
    </ClInclude>
    <ClInclude Include="include\component\componentfactory.h">
      <Filter>Source Files\component</Filter>
    </ClInclude>
    <ClInclude Include="include\tinyxml\tinyxml2.h">
      <Filter>tinyxml</Filter>
    </ClInclude>
    <ClInclude Include="include\component\prefabmanager.h">
      <Filter>Source Files\component</Filter>
    </ClInclude>
    <ClInclude Include="include\component\spriteranimator.h">
      <Filter>Source Files\component</Filter>
    </ClInclude>
    <ClInclude Include="include\component\spritermanager.h">
      <Filter>Source Files\component</Filter>
    </ClInclude>
  </ItemGroup>
  <ItemGroup>
    <None Include="source\physfs\zlib123\README">
      <Filter>Physfs</Filter>
    </None>
    <None Include="source\freetype\src\Jamfile">
      <Filter>FreeType\module</Filter>
    </None>
  </ItemGroup>
</Project>